// !$*UTF8*$!
{
	archiveVersion = 1;
	classes = {
	};
	objectVersion = 46;
	objects = {

/* Begin PBXBuildFile section */
		2F9A32CA208DE903005BFACC /* BBSSDK.framework in Frameworks */ = {isa = PBXBuildFile; fileRef = 2F9A31EF208DE903005BFACC /* BBSSDK.framework */; };
		2F9A32CB208DE903005BFACC /* BBSSDKUI.bundle in Resources */ = {isa = PBXBuildFile; fileRef = 2F9A31F1208DE903005BFACC /* BBSSDKUI.bundle */; };
		2F9A32CC208DE903005BFACC /* BBSSDKUI.framework in Frameworks */ = {isa = PBXBuildFile; fileRef = 2F9A31F2208DE903005BFACC /* BBSSDKUI.framework */; };
		2F9A32CF208DE903005BFACC /* AMapFoundationKit.framework in Frameworks */ = {isa = PBXBuildFile; fileRef = 2F9A31F9208DE903005BFACC /* AMapFoundationKit.framework */; };
		2F9A32D0208DE903005BFACC /* AMapSearchKit.framework in Frameworks */ = {isa = PBXBuildFile; fileRef = 2F9A31FA208DE903005BFACC /* AMapSearchKit.framework */; };
		2F9A32D1208DE903005BFACC /* MAMapKit.framework in Frameworks */ = {isa = PBXBuildFile; fileRef = 2F9A31FB208DE903005BFACC /* MAMapKit.framework */; };
		2F9A32D2208DE903005BFACC /* UITableView+FDIndexPathHeightCache.m in Sources */ = {isa = PBXBuildFile; fileRef = 2F9A31FE208DE903005BFACC /* UITableView+FDIndexPathHeightCache.m */; };
		2F9A32D3208DE903005BFACC /* UITableView+FDKeyedHeightCache.m in Sources */ = {isa = PBXBuildFile; fileRef = 2F9A3200208DE903005BFACC /* UITableView+FDKeyedHeightCache.m */; };
		2F9A32D4208DE903005BFACC /* UITableView+FDTemplateLayoutCell.m in Sources */ = {isa = PBXBuildFile; fileRef = 2F9A3202208DE903005BFACC /* UITableView+FDTemplateLayoutCell.m */; };
		2F9A32D5208DE903005BFACC /* UITableView+FDTemplateLayoutCellDebug.m in Sources */ = {isa = PBXBuildFile; fileRef = 2F9A3204208DE903005BFACC /* UITableView+FDTemplateLayoutCellDebug.m */; };
		2F9A32D6208DE903005BFACC /* Info.plist in Resources */ = {isa = PBXBuildFile; fileRef = 2F9A3206208DE903005BFACC /* Info.plist */; };
		2F9A32D7208DE903005BFACC /* MASCompositeConstraint.m in Sources */ = {isa = PBXBuildFile; fileRef = 2F9A3208208DE903005BFACC /* MASCompositeConstraint.m */; };
		2F9A32D8208DE903005BFACC /* MASConstraint.m in Sources */ = {isa = PBXBuildFile; fileRef = 2F9A320B208DE903005BFACC /* MASConstraint.m */; };
		2F9A32D9208DE903005BFACC /* MASConstraintMaker.m in Sources */ = {isa = PBXBuildFile; fileRef = 2F9A320D208DE903005BFACC /* MASConstraintMaker.m */; };
		2F9A32DA208DE903005BFACC /* MASLayoutConstraint.m in Sources */ = {isa = PBXBuildFile; fileRef = 2F9A320F208DE903005BFACC /* MASLayoutConstraint.m */; };
		2F9A32DB208DE903005BFACC /* MASViewAttribute.m in Sources */ = {isa = PBXBuildFile; fileRef = 2F9A3213208DE903005BFACC /* MASViewAttribute.m */; };
		2F9A32DC208DE903005BFACC /* MASViewConstraint.m in Sources */ = {isa = PBXBuildFile; fileRef = 2F9A3215208DE903005BFACC /* MASViewConstraint.m */; };
		2F9A32DD208DE903005BFACC /* NSArray+MASAdditions.m in Sources */ = {isa = PBXBuildFile; fileRef = 2F9A3217208DE903005BFACC /* NSArray+MASAdditions.m */; };
		2F9A32DE208DE903005BFACC /* NSLayoutConstraint+MASDebugAdditions.m in Sources */ = {isa = PBXBuildFile; fileRef = 2F9A321A208DE903005BFACC /* NSLayoutConstraint+MASDebugAdditions.m */; };
		2F9A32DF208DE903005BFACC /* View+MASAdditions.m in Sources */ = {isa = PBXBuildFile; fileRef = 2F9A321C208DE903005BFACC /* View+MASAdditions.m */; };
		2F9A32E0208DE903005BFACC /* ViewController+MASAdditions.m in Sources */ = {isa = PBXBuildFile; fileRef = 2F9A321F208DE903005BFACC /* ViewController+MASAdditions.m */; };
		2F9A32E1208DE903005BFACC /* MBProgressHUD.m in Sources */ = {isa = PBXBuildFile; fileRef = 2F9A3222208DE903005BFACC /* MBProgressHUD.m */; };
		2F9A32E2208DE903005BFACC /* MJRefreshAutoFooter.m in Sources */ = {isa = PBXBuildFile; fileRef = 2F9A3226208DE903005BFACC /* MJRefreshAutoFooter.m */; };
		2F9A32E3208DE903005BFACC /* MJRefreshBackFooter.m in Sources */ = {isa = PBXBuildFile; fileRef = 2F9A3228208DE903005BFACC /* MJRefreshBackFooter.m */; };
		2F9A32E4208DE903005BFACC /* MJRefreshComponent.m in Sources */ = {isa = PBXBuildFile; fileRef = 2F9A322A208DE903005BFACC /* MJRefreshComponent.m */; };
		2F9A32E5208DE903005BFACC /* MJRefreshFooter.m in Sources */ = {isa = PBXBuildFile; fileRef = 2F9A322C208DE903005BFACC /* MJRefreshFooter.m */; };
		2F9A32E6208DE903005BFACC /* MJRefreshHeader.m in Sources */ = {isa = PBXBuildFile; fileRef = 2F9A322E208DE903005BFACC /* MJRefreshHeader.m */; };
		2F9A32E7208DE903005BFACC /* MJRefreshAutoGifFooter.m in Sources */ = {isa = PBXBuildFile; fileRef = 2F9A3233208DE903005BFACC /* MJRefreshAutoGifFooter.m */; };
		2F9A32E8208DE903005BFACC /* MJRefreshAutoNormalFooter.m in Sources */ = {isa = PBXBuildFile; fileRef = 2F9A3235208DE903005BFACC /* MJRefreshAutoNormalFooter.m */; };
		2F9A32E9208DE903005BFACC /* MJRefreshAutoStateFooter.m in Sources */ = {isa = PBXBuildFile; fileRef = 2F9A3237208DE903005BFACC /* MJRefreshAutoStateFooter.m */; };
		2F9A32EA208DE903005BFACC /* MJRefreshBackGifFooter.m in Sources */ = {isa = PBXBuildFile; fileRef = 2F9A323A208DE903005BFACC /* MJRefreshBackGifFooter.m */; };
		2F9A32EB208DE903005BFACC /* MJRefreshBackNormalFooter.m in Sources */ = {isa = PBXBuildFile; fileRef = 2F9A323C208DE903005BFACC /* MJRefreshBackNormalFooter.m */; };
		2F9A32EC208DE903005BFACC /* MJRefreshBackStateFooter.m in Sources */ = {isa = PBXBuildFile; fileRef = 2F9A323E208DE903005BFACC /* MJRefreshBackStateFooter.m */; };
		2F9A32ED208DE903005BFACC /* MJRefreshGifHeader.m in Sources */ = {isa = PBXBuildFile; fileRef = 2F9A3241208DE903005BFACC /* MJRefreshGifHeader.m */; };
		2F9A32EE208DE903005BFACC /* MJRefreshNormalHeader.m in Sources */ = {isa = PBXBuildFile; fileRef = 2F9A3243208DE903005BFACC /* MJRefreshNormalHeader.m */; };
		2F9A32EF208DE903005BFACC /* MJRefreshStateHeader.m in Sources */ = {isa = PBXBuildFile; fileRef = 2F9A3245208DE903005BFACC /* MJRefreshStateHeader.m */; };
		2F9A32F0208DE903005BFACC /* MJRefresh.bundle in Resources */ = {isa = PBXBuildFile; fileRef = 2F9A3246208DE903005BFACC /* MJRefresh.bundle */; };
		2F9A32F1208DE903005BFACC /* MJRefreshConst.m in Sources */ = {isa = PBXBuildFile; fileRef = 2F9A3249208DE903005BFACC /* MJRefreshConst.m */; };
		2F9A32F2208DE903005BFACC /* NSBundle+MJRefresh.m in Sources */ = {isa = PBXBuildFile; fileRef = 2F9A324B208DE903005BFACC /* NSBundle+MJRefresh.m */; };
		2F9A32F3208DE903005BFACC /* UIScrollView+MJExtension.m in Sources */ = {isa = PBXBuildFile; fileRef = 2F9A324D208DE903005BFACC /* UIScrollView+MJExtension.m */; };
		2F9A32F4208DE903005BFACC /* UIScrollView+MJRefresh.m in Sources */ = {isa = PBXBuildFile; fileRef = 2F9A324F208DE903005BFACC /* UIScrollView+MJRefresh.m */; };
		2F9A32F5208DE903005BFACC /* UIView+MJExtension.m in Sources */ = {isa = PBXBuildFile; fileRef = 2F9A3251208DE903005BFACC /* UIView+MJExtension.m */; };
		2F9A32F6208DE903005BFACC /* MKAnnotationView+WebCache.m in Sources */ = {isa = PBXBuildFile; fileRef = 2F9A3255208DE903005BFACC /* MKAnnotationView+WebCache.m */; };
		2F9A32F7208DE903005BFACC /* NSData+ImageContentType.m in Sources */ = {isa = PBXBuildFile; fileRef = 2F9A3257208DE903005BFACC /* NSData+ImageContentType.m */; };
		2F9A32F8208DE903005BFACC /* NSImage+WebCache.m in Sources */ = {isa = PBXBuildFile; fileRef = 2F9A3259208DE903005BFACC /* NSImage+WebCache.m */; };
		2F9A32F9208DE903005BFACC /* SDImageCache.m in Sources */ = {isa = PBXBuildFile; fileRef = 2F9A325B208DE903005BFACC /* SDImageCache.m */; };
		2F9A32FA208DE903005BFACC /* SDImageCacheConfig.m in Sources */ = {isa = PBXBuildFile; fileRef = 2F9A325D208DE903005BFACC /* SDImageCacheConfig.m */; };
		2F9A32FB208DE903005BFACC /* SDWebImageCompat.m in Sources */ = {isa = PBXBuildFile; fileRef = 2F9A3260208DE903005BFACC /* SDWebImageCompat.m */; };
		2F9A32FC208DE903005BFACC /* SDWebImageDecoder.m in Sources */ = {isa = PBXBuildFile; fileRef = 2F9A3262208DE903005BFACC /* SDWebImageDecoder.m */; };
		2F9A32FD208DE903005BFACC /* SDWebImageDownloader.m in Sources */ = {isa = PBXBuildFile; fileRef = 2F9A3264208DE903005BFACC /* SDWebImageDownloader.m */; };
		2F9A32FE208DE903005BFACC /* SDWebImageDownloaderOperation.m in Sources */ = {isa = PBXBuildFile; fileRef = 2F9A3266208DE903005BFACC /* SDWebImageDownloaderOperation.m */; };
		2F9A32FF208DE903005BFACC /* SDWebImageManager.m in Sources */ = {isa = PBXBuildFile; fileRef = 2F9A3268208DE903005BFACC /* SDWebImageManager.m */; };
		2F9A3300208DE903005BFACC /* SDWebImagePrefetcher.m in Sources */ = {isa = PBXBuildFile; fileRef = 2F9A326B208DE903005BFACC /* SDWebImagePrefetcher.m */; };
		2F9A3301208DE903005BFACC /* UIButton+WebCache.m in Sources */ = {isa = PBXBuildFile; fileRef = 2F9A326D208DE903005BFACC /* UIButton+WebCache.m */; };
		2F9A3302208DE903005BFACC /* UIImage+GIF.m in Sources */ = {isa = PBXBuildFile; fileRef = 2F9A326F208DE903005BFACC /* UIImage+GIF.m */; };
		2F9A3303208DE903005BFACC /* UIImage+MultiFormat.m in Sources */ = {isa = PBXBuildFile; fileRef = 2F9A3271208DE903005BFACC /* UIImage+MultiFormat.m */; };
		2F9A3304208DE903005BFACC /* UIImage+WebP.m in Sources */ = {isa = PBXBuildFile; fileRef = 2F9A3273208DE903005BFACC /* UIImage+WebP.m */; };
		2F9A3305208DE903005BFACC /* UIImageView+HighlightedWebCache.m in Sources */ = {isa = PBXBuildFile; fileRef = 2F9A3275208DE903005BFACC /* UIImageView+HighlightedWebCache.m */; };
		2F9A3306208DE903005BFACC /* UIImageView+WebCache.m in Sources */ = {isa = PBXBuildFile; fileRef = 2F9A3277208DE903005BFACC /* UIImageView+WebCache.m */; };
		2F9A3307208DE903005BFACC /* UIView+WebCache.m in Sources */ = {isa = PBXBuildFile; fileRef = 2F9A3279208DE903005BFACC /* UIView+WebCache.m */; };
		2F9A3308208DE903005BFACC /* UIView+WebCacheOperation.m in Sources */ = {isa = PBXBuildFile; fileRef = 2F9A327B208DE903005BFACC /* UIView+WebCacheOperation.m */; };
		2F9A3309208DE903005BFACC /* LICENSE.txt in Resources */ = {isa = PBXBuildFile; fileRef = 2F9A327D208DE903005BFACC /* LICENSE.txt */; };
		2F9A330A208DE903005BFACC /* README.md in Resources */ = {isa = PBXBuildFile; fileRef = 2F9A327E208DE903005BFACC /* README.md */; };
		2F9A330B208DE903005BFACC /* SVIndefiniteAnimatedView.m in Sources */ = {isa = PBXBuildFile; fileRef = 2F9A3281208DE903005BFACC /* SVIndefiniteAnimatedView.m */; };
		2F9A330C208DE903005BFACC /* SVProgressAnimatedView.m in Sources */ = {isa = PBXBuildFile; fileRef = 2F9A3283208DE903005BFACC /* SVProgressAnimatedView.m */; };
		2F9A330D208DE903005BFACC /* SVProgressHUD.bundle in Resources */ = {isa = PBXBuildFile; fileRef = 2F9A3284208DE903005BFACC /* SVProgressHUD.bundle */; };
		2F9A330E208DE903005BFACC /* SVProgressHUD.m in Sources */ = {isa = PBXBuildFile; fileRef = 2F9A3286208DE903005BFACC /* SVProgressHUD.m */; };
		2F9A330F208DE903005BFACC /* SVRadialGradientLayer.m in Sources */ = {isa = PBXBuildFile; fileRef = 2F9A3288208DE903005BFACC /* SVRadialGradientLayer.m */; };
		2F9A3310208DE903005BFACC /* LICENSE in Resources */ = {isa = PBXBuildFile; fileRef = 2F9A328A208DE903005BFACC /* LICENSE */; };
		2F9A3311208DE903005BFACC /* README.md in Resources */ = {isa = PBXBuildFile; fileRef = 2F9A328B208DE903005BFACC /* README.md */; };
		2F9A3312208DE903005BFACC /* YYAnimatedImageView.m in Sources */ = {isa = PBXBuildFile; fileRef = 2F9A328E208DE903005BFACC /* YYAnimatedImageView.m */; };
		2F9A3313208DE903005BFACC /* YYFrameImage.m in Sources */ = {isa = PBXBuildFile; fileRef = 2F9A3290208DE903005BFACC /* YYFrameImage.m */; };
		2F9A3314208DE903005BFACC /* YYImage.m in Sources */ = {isa = PBXBuildFile; fileRef = 2F9A3292208DE903005BFACC /* YYImage.m */; };
		2F9A3315208DE903005BFACC /* YYImageCoder.m in Sources */ = {isa = PBXBuildFile; fileRef = 2F9A3294208DE903005BFACC /* YYImageCoder.m */; };
		2F9A3316208DE903005BFACC /* YYSpriteSheetImage.m in Sources */ = {isa = PBXBuildFile; fileRef = 2F9A3296208DE903005BFACC /* YYSpriteSheetImage.m */; };
		2F9A3319208DE903005BFACC /* MobLink.framework in Frameworks */ = {isa = PBXBuildFile; fileRef = 2F9A329D208DE903005BFACC /* MobLink.framework */; };
		2F9A331A208DE903005BFACC /* MOBFoundation.framework in Frameworks */ = {isa = PBXBuildFile; fileRef = 2F9A329F208DE903005BFACC /* MOBFoundation.framework */; };
		2F9A331B208DE903005BFACC /* ShareSDK.framework in Frameworks */ = {isa = PBXBuildFile; fileRef = 2F9A32A1208DE903005BFACC /* ShareSDK.framework */; };
		2F9A331C208DE903005BFACC /* ShareSDKConfigFile.bundle in Resources */ = {isa = PBXBuildFile; fileRef = 2F9A32A4208DE903005BFACC /* ShareSDKConfigFile.bundle */; };
		2F9A331D208DE903005BFACC /* ShareSDKConfigFile.framework in Frameworks */ = {isa = PBXBuildFile; fileRef = 2F9A32A5208DE903005BFACC /* ShareSDKConfigFile.framework */; };
		2F9A331E208DE903005BFACC /* ShareSDKExtension.framework in Frameworks */ = {isa = PBXBuildFile; fileRef = 2F9A32A6208DE903005BFACC /* ShareSDKExtension.framework */; };
		2F9A331F208DE903005BFACC /* ShareSDKUI.bundle in Resources */ = {isa = PBXBuildFile; fileRef = 2F9A32A7208DE903005BFACC /* ShareSDKUI.bundle */; };
		2F9A3320208DE903005BFACC /* ShareSDKUI.framework in Frameworks */ = {isa = PBXBuildFile; fileRef = 2F9A32A8208DE903005BFACC /* ShareSDKUI.framework */; };
		2F9A3321208DE903005BFACC /* QQConnector.framework in Frameworks */ = {isa = PBXBuildFile; fileRef = 2F9A32AA208DE903005BFACC /* QQConnector.framework */; };
		2F9A3322208DE903005BFACC /* SinaWeiboConnector.framework in Frameworks */ = {isa = PBXBuildFile; fileRef = 2F9A32AB208DE903005BFACC /* SinaWeiboConnector.framework */; };
		2F9A3323208DE903005BFACC /* WechatConnector.framework in Frameworks */ = {isa = PBXBuildFile; fileRef = 2F9A32AC208DE903005BFACC /* WechatConnector.framework */; };
		2F9A3324208DE903005BFACC /* WhatsAppConnector.framework in Frameworks */ = {isa = PBXBuildFile; fileRef = 2F9A32AD208DE903005BFACC /* WhatsAppConnector.framework */; };
		2F9A3325208DE903005BFACC /* TencentOpenAPI.framework in Frameworks */ = {isa = PBXBuildFile; fileRef = 2F9A32B6208DE903005BFACC /* TencentOpenAPI.framework */; };
		2F9A3326208DE903005BFACC /* TencentOpenApi_IOS_Bundle.bundle in Resources */ = {isa = PBXBuildFile; fileRef = 2F9A32B7208DE903005BFACC /* TencentOpenApi_IOS_Bundle.bundle */; };
		2F9A3327208DE903005BFACC /* libWeiboSDK.a in Frameworks */ = {isa = PBXBuildFile; fileRef = 2F9A32BA208DE903005BFACC /* libWeiboSDK.a */; };
		2F9A3328208DE903005BFACC /* WeiboSDK.bundle in Resources */ = {isa = PBXBuildFile; fileRef = 2F9A32BE208DE903005BFACC /* WeiboSDK.bundle */; };
		2F9A3329208DE903005BFACC /* libWeChatSDK.a in Frameworks */ = {isa = PBXBuildFile; fileRef = 2F9A32C1208DE903005BFACC /* libWeChatSDK.a */; };
		2F9A332A208DE903005BFACC /* README.txt in Resources */ = {isa = PBXBuildFile; fileRef = 2F9A32C2208DE903005BFACC /* README.txt */; };
		2F9A332B208DE903005BFACC /* ShareSDK.bundle in Resources */ = {isa = PBXBuildFile; fileRef = 2F9A32C8208DE903005BFACC /* ShareSDK.bundle */; };
		2F9A332C208DE903005BFACC /* ShareSDKConnector.framework in Frameworks */ = {isa = PBXBuildFile; fileRef = 2F9A32C9208DE903005BFACC /* ShareSDKConnector.framework */; };
		2F9A332F208DEB0B005BFACC /* libc++.tbd in Frameworks */ = {isa = PBXBuildFile; fileRef = 2F9A332E208DEB0B005BFACC /* libc++.tbd */; };
		2F9A3331208DEB1E005BFACC /* libz.tbd in Frameworks */ = {isa = PBXBuildFile; fileRef = 2F9A3330208DEB1E005BFACC /* libz.tbd */; };
		2F9A3333208DEB2C005BFACC /* AdSupport.framework in Frameworks */ = {isa = PBXBuildFile; fileRef = 2F9A3332208DEB2C005BFACC /* AdSupport.framework */; };
		2F9A3335208DEB33005BFACC /* Security.framework in Frameworks */ = {isa = PBXBuildFile; fileRef = 2F9A3334208DEB33005BFACC /* Security.framework */; };
		2F9A3337208DEB3B005BFACC /* SystemConfiguration.framework in Frameworks */ = {isa = PBXBuildFile; fileRef = 2F9A3336208DEB3B005BFACC /* SystemConfiguration.framework */; };
		2F9A3339208DEB43005BFACC /* CoreTelephony.framework in Frameworks */ = {isa = PBXBuildFile; fileRef = 2F9A3338208DEB43005BFACC /* CoreTelephony.framework */; };
		2F9A333B208DEB58005BFACC /* CoreLocation.framework in Frameworks */ = {isa = PBXBuildFile; fileRef = 2F9A333A208DEB58005BFACC /* CoreLocation.framework */; };
		2F9A333D208DEB61005BFACC /* QuartzCore.framework in Frameworks */ = {isa = PBXBuildFile; fileRef = 2F9A333C208DEB61005BFACC /* QuartzCore.framework */; };
		2F9A333F208DEB6A005BFACC /* CoreGraphics.framework in Frameworks */ = {isa = PBXBuildFile; fileRef = 2F9A333E208DEB6A005BFACC /* CoreGraphics.framework */; };
		2F9A3341208DEB6F005BFACC /* Foundation.framework in Frameworks */ = {isa = PBXBuildFile; fileRef = 2F9A3340208DEB6F005BFACC /* Foundation.framework */; };
		2F9A3343208DEB79005BFACC /* UIKit.framework in Frameworks */ = {isa = PBXBuildFile; fileRef = 2F9A3342208DEB79005BFACC /* UIKit.framework */; };
		2F9A3345208DEB92005BFACC /* OpenGLES.framework in Frameworks */ = {isa = PBXBuildFile; fileRef = 2F9A3344208DEB91005BFACC /* OpenGLES.framework */; };
		2F9A3347208DEB97005BFACC /* GLKit.framework in Frameworks */ = {isa = PBXBuildFile; fileRef = 2F9A3346208DEB97005BFACC /* GLKit.framework */; };
		2F9A3349208ECA96005BFACC /* libsqlite3.0.tbd in Frameworks */ = {isa = PBXBuildFile; fileRef = 2F9A3348208ECA96005BFACC /* libsqlite3.0.tbd */; };
		2F9A334B208ECA9F005BFACC /* JavaScriptCore.framework in Frameworks */ = {isa = PBXBuildFile; fileRef = 2F9A334A208ECA9F005BFACC /* JavaScriptCore.framework */; };
		2F9A334F208ECAB0005BFACC /* libz.1.1.3.tbd in Frameworks */ = {isa = PBXBuildFile; fileRef = 2F9A334E208ECAB0005BFACC /* libz.1.1.3.tbd */; };
		2F9A3351208ECABD005BFACC /* libicucore.A.tbd in Frameworks */ = {isa = PBXBuildFile; fileRef = 2F9A3350208ECABD005BFACC /* libicucore.A.tbd */; };
		2F9A3353208ECAEE005BFACC /* CoreData.framework in Frameworks */ = {isa = PBXBuildFile; fileRef = 2F9A3352208ECAEE005BFACC /* CoreData.framework */; };
		3A3536821FA87B64001FD200 /* MyBBSViewController.xib in Resources */ = {isa = PBXBuildFile; fileRef = 3A3536801FA87B63001FD200 /* MyBBSViewController.xib */; };
		3A3536831FA87B64001FD200 /* MyBBSViewController.m in Sources */ = {isa = PBXBuildFile; fileRef = 3A3536811FA87B63001FD200 /* MyBBSViewController.m */; };
		3A7B28EC1FA71E0F00DE01D1 /* main.m in Sources */ = {isa = PBXBuildFile; fileRef = 3A7B28EB1FA71E0F00DE01D1 /* main.m */; };
		3A7B28EF1FA71E0F00DE01D1 /* AppDelegate.m in Sources */ = {isa = PBXBuildFile; fileRef = 3A7B28EE1FA71E0F00DE01D1 /* AppDelegate.m */; };
		3A7B28F21FA71E0F00DE01D1 /* ViewController.m in Sources */ = {isa = PBXBuildFile; fileRef = 3A7B28F11FA71E0F00DE01D1 /* ViewController.m */; };
		3A7B28F71FA71E0F00DE01D1 /* Assets.xcassets in Resources */ = {isa = PBXBuildFile; fileRef = 3A7B28F61FA71E0F00DE01D1 /* Assets.xcassets */; };
		3A7B28FA1FA71E0F00DE01D1 /* LaunchScreen.storyboard in Resources */ = {isa = PBXBuildFile; fileRef = 3A7B28F81FA71E0F00DE01D1 /* LaunchScreen.storyboard */; };
		3A7B2B1F1FA7211700DE01D1 /* MOBShareSDKHelper.m in Sources */ = {isa = PBXBuildFile; fileRef = 3A7B2B1E1FA7211700DE01D1 /* MOBShareSDKHelper.m */; };
		3AEDBB311FFCD07300B43A6E /* Default-414w-736h@3x.jpg in Resources */ = {isa = PBXBuildFile; fileRef = 3AEDBB2F1FFCD07300B43A6E /* Default-414w-736h@3x.jpg */; };
		3AEDBB321FFCD07300B43A6E /* ssssss.jpg in Resources */ = {isa = PBXBuildFile; fileRef = 3AEDBB301FFCD07300B43A6E /* ssssss.jpg */; };
/* End PBXBuildFile section */

/* Begin PBXFileReference section */
		2F9A31EF208DE903005BFACC /* BBSSDK.framework */ = {isa = PBXFileReference; lastKnownFileType = wrapper.framework; path = BBSSDK.framework; sourceTree = "<group>"; };
		2F9A31F1208DE903005BFACC /* BBSSDKUI.bundle */ = {isa = PBXFileReference; lastKnownFileType = "wrapper.plug-in"; path = BBSSDKUI.bundle; sourceTree = "<group>"; };
		2F9A31F2208DE903005BFACC /* BBSSDKUI.framework */ = {isa = PBXFileReference; lastKnownFileType = wrapper.framework; path = BBSSDKUI.framework; sourceTree = "<group>"; };
		2F9A31F9208DE903005BFACC /* AMapFoundationKit.framework */ = {isa = PBXFileReference; lastKnownFileType = wrapper.framework; path = AMapFoundationKit.framework; sourceTree = "<group>"; };
		2F9A31FA208DE903005BFACC /* AMapSearchKit.framework */ = {isa = PBXFileReference; lastKnownFileType = wrapper.framework; path = AMapSearchKit.framework; sourceTree = "<group>"; };
		2F9A31FB208DE903005BFACC /* MAMapKit.framework */ = {isa = PBXFileReference; lastKnownFileType = wrapper.framework; path = MAMapKit.framework; sourceTree = "<group>"; };
		2F9A31FD208DE903005BFACC /* UITableView+FDIndexPathHeightCache.h */ = {isa = PBXFileReference; fileEncoding = 4; lastKnownFileType = sourcecode.c.h; path = "UITableView+FDIndexPathHeightCache.h"; sourceTree = "<group>"; };
		2F9A31FE208DE903005BFACC /* UITableView+FDIndexPathHeightCache.m */ = {isa = PBXFileReference; fileEncoding = 4; lastKnownFileType = sourcecode.c.objc; path = "UITableView+FDIndexPathHeightCache.m"; sourceTree = "<group>"; };
		2F9A31FF208DE903005BFACC /* UITableView+FDKeyedHeightCache.h */ = {isa = PBXFileReference; fileEncoding = 4; lastKnownFileType = sourcecode.c.h; path = "UITableView+FDKeyedHeightCache.h"; sourceTree = "<group>"; };
		2F9A3200208DE903005BFACC /* UITableView+FDKeyedHeightCache.m */ = {isa = PBXFileReference; fileEncoding = 4; lastKnownFileType = sourcecode.c.objc; path = "UITableView+FDKeyedHeightCache.m"; sourceTree = "<group>"; };
		2F9A3201208DE903005BFACC /* UITableView+FDTemplateLayoutCell.h */ = {isa = PBXFileReference; fileEncoding = 4; lastKnownFileType = sourcecode.c.h; path = "UITableView+FDTemplateLayoutCell.h"; sourceTree = "<group>"; };
		2F9A3202208DE903005BFACC /* UITableView+FDTemplateLayoutCell.m */ = {isa = PBXFileReference; fileEncoding = 4; lastKnownFileType = sourcecode.c.objc; path = "UITableView+FDTemplateLayoutCell.m"; sourceTree = "<group>"; };
		2F9A3203208DE903005BFACC /* UITableView+FDTemplateLayoutCellDebug.h */ = {isa = PBXFileReference; fileEncoding = 4; lastKnownFileType = sourcecode.c.h; path = "UITableView+FDTemplateLayoutCellDebug.h"; sourceTree = "<group>"; };
		2F9A3204208DE903005BFACC /* UITableView+FDTemplateLayoutCellDebug.m */ = {isa = PBXFileReference; fileEncoding = 4; lastKnownFileType = sourcecode.c.objc; path = "UITableView+FDTemplateLayoutCellDebug.m"; sourceTree = "<group>"; };
		2F9A3206208DE903005BFACC /* Info.plist */ = {isa = PBXFileReference; fileEncoding = 4; lastKnownFileType = text.plist.xml; path = Info.plist; sourceTree = "<group>"; };
		2F9A3207208DE903005BFACC /* MASCompositeConstraint.h */ = {isa = PBXFileReference; fileEncoding = 4; lastKnownFileType = sourcecode.c.h; path = MASCompositeConstraint.h; sourceTree = "<group>"; };
		2F9A3208208DE903005BFACC /* MASCompositeConstraint.m */ = {isa = PBXFileReference; fileEncoding = 4; lastKnownFileType = sourcecode.c.objc; path = MASCompositeConstraint.m; sourceTree = "<group>"; };
		2F9A3209208DE903005BFACC /* MASConstraint+Private.h */ = {isa = PBXFileReference; fileEncoding = 4; lastKnownFileType = sourcecode.c.h; path = "MASConstraint+Private.h"; sourceTree = "<group>"; };
		2F9A320A208DE903005BFACC /* MASConstraint.h */ = {isa = PBXFileReference; fileEncoding = 4; lastKnownFileType = sourcecode.c.h; path = MASConstraint.h; sourceTree = "<group>"; };
		2F9A320B208DE903005BFACC /* MASConstraint.m */ = {isa = PBXFileReference; fileEncoding = 4; lastKnownFileType = sourcecode.c.objc; path = MASConstraint.m; sourceTree = "<group>"; };
		2F9A320C208DE903005BFACC /* MASConstraintMaker.h */ = {isa = PBXFileReference; fileEncoding = 4; lastKnownFileType = sourcecode.c.h; path = MASConstraintMaker.h; sourceTree = "<group>"; };
		2F9A320D208DE903005BFACC /* MASConstraintMaker.m */ = {isa = PBXFileReference; fileEncoding = 4; lastKnownFileType = sourcecode.c.objc; path = MASConstraintMaker.m; sourceTree = "<group>"; };
		2F9A320E208DE903005BFACC /* MASLayoutConstraint.h */ = {isa = PBXFileReference; fileEncoding = 4; lastKnownFileType = sourcecode.c.h; path = MASLayoutConstraint.h; sourceTree = "<group>"; };
		2F9A320F208DE903005BFACC /* MASLayoutConstraint.m */ = {isa = PBXFileReference; fileEncoding = 4; lastKnownFileType = sourcecode.c.objc; path = MASLayoutConstraint.m; sourceTree = "<group>"; };
		2F9A3210208DE903005BFACC /* Masonry.h */ = {isa = PBXFileReference; fileEncoding = 4; lastKnownFileType = sourcecode.c.h; path = Masonry.h; sourceTree = "<group>"; };
		2F9A3211208DE903005BFACC /* MASUtilities.h */ = {isa = PBXFileReference; fileEncoding = 4; lastKnownFileType = sourcecode.c.h; path = MASUtilities.h; sourceTree = "<group>"; };
		2F9A3212208DE903005BFACC /* MASViewAttribute.h */ = {isa = PBXFileReference; fileEncoding = 4; lastKnownFileType = sourcecode.c.h; path = MASViewAttribute.h; sourceTree = "<group>"; };
		2F9A3213208DE903005BFACC /* MASViewAttribute.m */ = {isa = PBXFileReference; fileEncoding = 4; lastKnownFileType = sourcecode.c.objc; path = MASViewAttribute.m; sourceTree = "<group>"; };
		2F9A3214208DE903005BFACC /* MASViewConstraint.h */ = {isa = PBXFileReference; fileEncoding = 4; lastKnownFileType = sourcecode.c.h; path = MASViewConstraint.h; sourceTree = "<group>"; };
		2F9A3215208DE903005BFACC /* MASViewConstraint.m */ = {isa = PBXFileReference; fileEncoding = 4; lastKnownFileType = sourcecode.c.objc; path = MASViewConstraint.m; sourceTree = "<group>"; };
		2F9A3216208DE903005BFACC /* NSArray+MASAdditions.h */ = {isa = PBXFileReference; fileEncoding = 4; lastKnownFileType = sourcecode.c.h; path = "NSArray+MASAdditions.h"; sourceTree = "<group>"; };
		2F9A3217208DE903005BFACC /* NSArray+MASAdditions.m */ = {isa = PBXFileReference; fileEncoding = 4; lastKnownFileType = sourcecode.c.objc; path = "NSArray+MASAdditions.m"; sourceTree = "<group>"; };
		2F9A3218208DE903005BFACC /* NSArray+MASShorthandAdditions.h */ = {isa = PBXFileReference; fileEncoding = 4; lastKnownFileType = sourcecode.c.h; path = "NSArray+MASShorthandAdditions.h"; sourceTree = "<group>"; };
		2F9A3219208DE903005BFACC /* NSLayoutConstraint+MASDebugAdditions.h */ = {isa = PBXFileReference; fileEncoding = 4; lastKnownFileType = sourcecode.c.h; path = "NSLayoutConstraint+MASDebugAdditions.h"; sourceTree = "<group>"; };
		2F9A321A208DE903005BFACC /* NSLayoutConstraint+MASDebugAdditions.m */ = {isa = PBXFileReference; fileEncoding = 4; lastKnownFileType = sourcecode.c.objc; path = "NSLayoutConstraint+MASDebugAdditions.m"; sourceTree = "<group>"; };
		2F9A321B208DE903005BFACC /* View+MASAdditions.h */ = {isa = PBXFileReference; fileEncoding = 4; lastKnownFileType = sourcecode.c.h; path = "View+MASAdditions.h"; sourceTree = "<group>"; };
		2F9A321C208DE903005BFACC /* View+MASAdditions.m */ = {isa = PBXFileReference; fileEncoding = 4; lastKnownFileType = sourcecode.c.objc; path = "View+MASAdditions.m"; sourceTree = "<group>"; };
		2F9A321D208DE903005BFACC /* View+MASShorthandAdditions.h */ = {isa = PBXFileReference; fileEncoding = 4; lastKnownFileType = sourcecode.c.h; path = "View+MASShorthandAdditions.h"; sourceTree = "<group>"; };
		2F9A321E208DE903005BFACC /* ViewController+MASAdditions.h */ = {isa = PBXFileReference; fileEncoding = 4; lastKnownFileType = sourcecode.c.h; path = "ViewController+MASAdditions.h"; sourceTree = "<group>"; };
		2F9A321F208DE903005BFACC /* ViewController+MASAdditions.m */ = {isa = PBXFileReference; fileEncoding = 4; lastKnownFileType = sourcecode.c.objc; path = "ViewController+MASAdditions.m"; sourceTree = "<group>"; };
		2F9A3221208DE903005BFACC /* MBProgressHUD.h */ = {isa = PBXFileReference; fileEncoding = 4; lastKnownFileType = sourcecode.c.h; path = MBProgressHUD.h; sourceTree = "<group>"; };
		2F9A3222208DE903005BFACC /* MBProgressHUD.m */ = {isa = PBXFileReference; fileEncoding = 4; lastKnownFileType = sourcecode.c.objc; path = MBProgressHUD.m; sourceTree = "<group>"; };
		2F9A3225208DE903005BFACC /* MJRefreshAutoFooter.h */ = {isa = PBXFileReference; fileEncoding = 4; lastKnownFileType = sourcecode.c.h; path = MJRefreshAutoFooter.h; sourceTree = "<group>"; };
		2F9A3226208DE903005BFACC /* MJRefreshAutoFooter.m */ = {isa = PBXFileReference; fileEncoding = 4; lastKnownFileType = sourcecode.c.objc; path = MJRefreshAutoFooter.m; sourceTree = "<group>"; };
		2F9A3227208DE903005BFACC /* MJRefreshBackFooter.h */ = {isa = PBXFileReference; fileEncoding = 4; lastKnownFileType = sourcecode.c.h; path = MJRefreshBackFooter.h; sourceTree = "<group>"; };
		2F9A3228208DE903005BFACC /* MJRefreshBackFooter.m */ = {isa = PBXFileReference; fileEncoding = 4; lastKnownFileType = sourcecode.c.objc; path = MJRefreshBackFooter.m; sourceTree = "<group>"; };
		2F9A3229208DE903005BFACC /* MJRefreshComponent.h */ = {isa = PBXFileReference; fileEncoding = 4; lastKnownFileType = sourcecode.c.h; path = MJRefreshComponent.h; sourceTree = "<group>"; };
		2F9A322A208DE903005BFACC /* MJRefreshComponent.m */ = {isa = PBXFileReference; fileEncoding = 4; lastKnownFileType = sourcecode.c.objc; path = MJRefreshComponent.m; sourceTree = "<group>"; };
		2F9A322B208DE903005BFACC /* MJRefreshFooter.h */ = {isa = PBXFileReference; fileEncoding = 4; lastKnownFileType = sourcecode.c.h; path = MJRefreshFooter.h; sourceTree = "<group>"; };
		2F9A322C208DE903005BFACC /* MJRefreshFooter.m */ = {isa = PBXFileReference; fileEncoding = 4; lastKnownFileType = sourcecode.c.objc; path = MJRefreshFooter.m; sourceTree = "<group>"; };
		2F9A322D208DE903005BFACC /* MJRefreshHeader.h */ = {isa = PBXFileReference; fileEncoding = 4; lastKnownFileType = sourcecode.c.h; path = MJRefreshHeader.h; sourceTree = "<group>"; };
		2F9A322E208DE903005BFACC /* MJRefreshHeader.m */ = {isa = PBXFileReference; fileEncoding = 4; lastKnownFileType = sourcecode.c.objc; path = MJRefreshHeader.m; sourceTree = "<group>"; };
		2F9A3232208DE903005BFACC /* MJRefreshAutoGifFooter.h */ = {isa = PBXFileReference; fileEncoding = 4; lastKnownFileType = sourcecode.c.h; path = MJRefreshAutoGifFooter.h; sourceTree = "<group>"; };
		2F9A3233208DE903005BFACC /* MJRefreshAutoGifFooter.m */ = {isa = PBXFileReference; fileEncoding = 4; lastKnownFileType = sourcecode.c.objc; path = MJRefreshAutoGifFooter.m; sourceTree = "<group>"; };
		2F9A3234208DE903005BFACC /* MJRefreshAutoNormalFooter.h */ = {isa = PBXFileReference; fileEncoding = 4; lastKnownFileType = sourcecode.c.h; path = MJRefreshAutoNormalFooter.h; sourceTree = "<group>"; };
		2F9A3235208DE903005BFACC /* MJRefreshAutoNormalFooter.m */ = {isa = PBXFileReference; fileEncoding = 4; lastKnownFileType = sourcecode.c.objc; path = MJRefreshAutoNormalFooter.m; sourceTree = "<group>"; };
		2F9A3236208DE903005BFACC /* MJRefreshAutoStateFooter.h */ = {isa = PBXFileReference; fileEncoding = 4; lastKnownFileType = sourcecode.c.h; path = MJRefreshAutoStateFooter.h; sourceTree = "<group>"; };
		2F9A3237208DE903005BFACC /* MJRefreshAutoStateFooter.m */ = {isa = PBXFileReference; fileEncoding = 4; lastKnownFileType = sourcecode.c.objc; path = MJRefreshAutoStateFooter.m; sourceTree = "<group>"; };
		2F9A3239208DE903005BFACC /* MJRefreshBackGifFooter.h */ = {isa = PBXFileReference; fileEncoding = 4; lastKnownFileType = sourcecode.c.h; path = MJRefreshBackGifFooter.h; sourceTree = "<group>"; };
		2F9A323A208DE903005BFACC /* MJRefreshBackGifFooter.m */ = {isa = PBXFileReference; fileEncoding = 4; lastKnownFileType = sourcecode.c.objc; path = MJRefreshBackGifFooter.m; sourceTree = "<group>"; };
		2F9A323B208DE903005BFACC /* MJRefreshBackNormalFooter.h */ = {isa = PBXFileReference; fileEncoding = 4; lastKnownFileType = sourcecode.c.h; path = MJRefreshBackNormalFooter.h; sourceTree = "<group>"; };
		2F9A323C208DE903005BFACC /* MJRefreshBackNormalFooter.m */ = {isa = PBXFileReference; fileEncoding = 4; lastKnownFileType = sourcecode.c.objc; path = MJRefreshBackNormalFooter.m; sourceTree = "<group>"; };
		2F9A323D208DE903005BFACC /* MJRefreshBackStateFooter.h */ = {isa = PBXFileReference; fileEncoding = 4; lastKnownFileType = sourcecode.c.h; path = MJRefreshBackStateFooter.h; sourceTree = "<group>"; };
		2F9A323E208DE903005BFACC /* MJRefreshBackStateFooter.m */ = {isa = PBXFileReference; fileEncoding = 4; lastKnownFileType = sourcecode.c.objc; path = MJRefreshBackStateFooter.m; sourceTree = "<group>"; };
		2F9A3240208DE903005BFACC /* MJRefreshGifHeader.h */ = {isa = PBXFileReference; fileEncoding = 4; lastKnownFileType = sourcecode.c.h; path = MJRefreshGifHeader.h; sourceTree = "<group>"; };
		2F9A3241208DE903005BFACC /* MJRefreshGifHeader.m */ = {isa = PBXFileReference; fileEncoding = 4; lastKnownFileType = sourcecode.c.objc; path = MJRefreshGifHeader.m; sourceTree = "<group>"; };
		2F9A3242208DE903005BFACC /* MJRefreshNormalHeader.h */ = {isa = PBXFileReference; fileEncoding = 4; lastKnownFileType = sourcecode.c.h; path = MJRefreshNormalHeader.h; sourceTree = "<group>"; };
		2F9A3243208DE903005BFACC /* MJRefreshNormalHeader.m */ = {isa = PBXFileReference; fileEncoding = 4; lastKnownFileType = sourcecode.c.objc; path = MJRefreshNormalHeader.m; sourceTree = "<group>"; };
		2F9A3244208DE903005BFACC /* MJRefreshStateHeader.h */ = {isa = PBXFileReference; fileEncoding = 4; lastKnownFileType = sourcecode.c.h; path = MJRefreshStateHeader.h; sourceTree = "<group>"; };
		2F9A3245208DE903005BFACC /* MJRefreshStateHeader.m */ = {isa = PBXFileReference; fileEncoding = 4; lastKnownFileType = sourcecode.c.objc; path = MJRefreshStateHeader.m; sourceTree = "<group>"; };
		2F9A3246208DE903005BFACC /* MJRefresh.bundle */ = {isa = PBXFileReference; lastKnownFileType = "wrapper.plug-in"; path = MJRefresh.bundle; sourceTree = "<group>"; };
		2F9A3247208DE903005BFACC /* MJRefresh.h */ = {isa = PBXFileReference; fileEncoding = 4; lastKnownFileType = sourcecode.c.h; path = MJRefresh.h; sourceTree = "<group>"; };
		2F9A3248208DE903005BFACC /* MJRefreshConst.h */ = {isa = PBXFileReference; fileEncoding = 4; lastKnownFileType = sourcecode.c.h; path = MJRefreshConst.h; sourceTree = "<group>"; };
		2F9A3249208DE903005BFACC /* MJRefreshConst.m */ = {isa = PBXFileReference; fileEncoding = 4; lastKnownFileType = sourcecode.c.objc; path = MJRefreshConst.m; sourceTree = "<group>"; };
		2F9A324A208DE903005BFACC /* NSBundle+MJRefresh.h */ = {isa = PBXFileReference; fileEncoding = 4; lastKnownFileType = sourcecode.c.h; path = "NSBundle+MJRefresh.h"; sourceTree = "<group>"; };
		2F9A324B208DE903005BFACC /* NSBundle+MJRefresh.m */ = {isa = PBXFileReference; fileEncoding = 4; lastKnownFileType = sourcecode.c.objc; path = "NSBundle+MJRefresh.m"; sourceTree = "<group>"; };
		2F9A324C208DE903005BFACC /* UIScrollView+MJExtension.h */ = {isa = PBXFileReference; fileEncoding = 4; lastKnownFileType = sourcecode.c.h; path = "UIScrollView+MJExtension.h"; sourceTree = "<group>"; };
		2F9A324D208DE903005BFACC /* UIScrollView+MJExtension.m */ = {isa = PBXFileReference; fileEncoding = 4; lastKnownFileType = sourcecode.c.objc; path = "UIScrollView+MJExtension.m"; sourceTree = "<group>"; };
		2F9A324E208DE903005BFACC /* UIScrollView+MJRefresh.h */ = {isa = PBXFileReference; fileEncoding = 4; lastKnownFileType = sourcecode.c.h; path = "UIScrollView+MJRefresh.h"; sourceTree = "<group>"; };
		2F9A324F208DE903005BFACC /* UIScrollView+MJRefresh.m */ = {isa = PBXFileReference; fileEncoding = 4; lastKnownFileType = sourcecode.c.objc; path = "UIScrollView+MJRefresh.m"; sourceTree = "<group>"; };
		2F9A3250208DE903005BFACC /* UIView+MJExtension.h */ = {isa = PBXFileReference; fileEncoding = 4; lastKnownFileType = sourcecode.c.h; path = "UIView+MJExtension.h"; sourceTree = "<group>"; };
		2F9A3251208DE903005BFACC /* UIView+MJExtension.m */ = {isa = PBXFileReference; fileEncoding = 4; lastKnownFileType = sourcecode.c.objc; path = "UIView+MJExtension.m"; sourceTree = "<group>"; };
		2F9A3254208DE903005BFACC /* MKAnnotationView+WebCache.h */ = {isa = PBXFileReference; fileEncoding = 4; lastKnownFileType = sourcecode.c.h; path = "MKAnnotationView+WebCache.h"; sourceTree = "<group>"; };
		2F9A3255208DE903005BFACC /* MKAnnotationView+WebCache.m */ = {isa = PBXFileReference; fileEncoding = 4; lastKnownFileType = sourcecode.c.objc; path = "MKAnnotationView+WebCache.m"; sourceTree = "<group>"; };
		2F9A3256208DE903005BFACC /* NSData+ImageContentType.h */ = {isa = PBXFileReference; fileEncoding = 4; lastKnownFileType = sourcecode.c.h; path = "NSData+ImageContentType.h"; sourceTree = "<group>"; };
		2F9A3257208DE903005BFACC /* NSData+ImageContentType.m */ = {isa = PBXFileReference; fileEncoding = 4; lastKnownFileType = sourcecode.c.objc; path = "NSData+ImageContentType.m"; sourceTree = "<group>"; };
		2F9A3258208DE903005BFACC /* NSImage+WebCache.h */ = {isa = PBXFileReference; fileEncoding = 4; lastKnownFileType = sourcecode.c.h; path = "NSImage+WebCache.h"; sourceTree = "<group>"; };
		2F9A3259208DE903005BFACC /* NSImage+WebCache.m */ = {isa = PBXFileReference; fileEncoding = 4; lastKnownFileType = sourcecode.c.objc; path = "NSImage+WebCache.m"; sourceTree = "<group>"; };
		2F9A325A208DE903005BFACC /* SDImageCache.h */ = {isa = PBXFileReference; fileEncoding = 4; lastKnownFileType = sourcecode.c.h; path = SDImageCache.h; sourceTree = "<group>"; };
		2F9A325B208DE903005BFACC /* SDImageCache.m */ = {isa = PBXFileReference; fileEncoding = 4; lastKnownFileType = sourcecode.c.objc; path = SDImageCache.m; sourceTree = "<group>"; };
		2F9A325C208DE903005BFACC /* SDImageCacheConfig.h */ = {isa = PBXFileReference; fileEncoding = 4; lastKnownFileType = sourcecode.c.h; path = SDImageCacheConfig.h; sourceTree = "<group>"; };
		2F9A325D208DE903005BFACC /* SDImageCacheConfig.m */ = {isa = PBXFileReference; fileEncoding = 4; lastKnownFileType = sourcecode.c.objc; path = SDImageCacheConfig.m; sourceTree = "<group>"; };
		2F9A325F208DE903005BFACC /* SDWebImageCompat.h */ = {isa = PBXFileReference; fileEncoding = 4; lastKnownFileType = sourcecode.c.h; path = SDWebImageCompat.h; sourceTree = "<group>"; };
		2F9A3260208DE903005BFACC /* SDWebImageCompat.m */ = {isa = PBXFileReference; fileEncoding = 4; lastKnownFileType = sourcecode.c.objc; path = SDWebImageCompat.m; sourceTree = "<group>"; };
		2F9A3261208DE903005BFACC /* SDWebImageDecoder.h */ = {isa = PBXFileReference; fileEncoding = 4; lastKnownFileType = sourcecode.c.h; path = SDWebImageDecoder.h; sourceTree = "<group>"; };
		2F9A3262208DE903005BFACC /* SDWebImageDecoder.m */ = {isa = PBXFileReference; fileEncoding = 4; lastKnownFileType = sourcecode.c.objc; path = SDWebImageDecoder.m; sourceTree = "<group>"; };
		2F9A3263208DE903005BFACC /* SDWebImageDownloader.h */ = {isa = PBXFileReference; fileEncoding = 4; lastKnownFileType = sourcecode.c.h; path = SDWebImageDownloader.h; sourceTree = "<group>"; };
		2F9A3264208DE903005BFACC /* SDWebImageDownloader.m */ = {isa = PBXFileReference; fileEncoding = 4; lastKnownFileType = sourcecode.c.objc; path = SDWebImageDownloader.m; sourceTree = "<group>"; };
		2F9A3265208DE903005BFACC /* SDWebImageDownloaderOperation.h */ = {isa = PBXFileReference; fileEncoding = 4; lastKnownFileType = sourcecode.c.h; path = SDWebImageDownloaderOperation.h; sourceTree = "<group>"; };
		2F9A3266208DE903005BFACC /* SDWebImageDownloaderOperation.m */ = {isa = PBXFileReference; fileEncoding = 4; lastKnownFileType = sourcecode.c.objc; path = SDWebImageDownloaderOperation.m; sourceTree = "<group>"; };
		2F9A3267208DE903005BFACC /* SDWebImageManager.h */ = {isa = PBXFileReference; fileEncoding = 4; lastKnownFileType = sourcecode.c.h; path = SDWebImageManager.h; sourceTree = "<group>"; };
		2F9A3268208DE903005BFACC /* SDWebImageManager.m */ = {isa = PBXFileReference; fileEncoding = 4; lastKnownFileType = sourcecode.c.objc; path = SDWebImageManager.m; sourceTree = "<group>"; };
		2F9A3269208DE903005BFACC /* SDWebImageOperation.h */ = {isa = PBXFileReference; fileEncoding = 4; lastKnownFileType = sourcecode.c.h; path = SDWebImageOperation.h; sourceTree = "<group>"; };
		2F9A326A208DE903005BFACC /* SDWebImagePrefetcher.h */ = {isa = PBXFileReference; fileEncoding = 4; lastKnownFileType = sourcecode.c.h; path = SDWebImagePrefetcher.h; sourceTree = "<group>"; };
		2F9A326B208DE903005BFACC /* SDWebImagePrefetcher.m */ = {isa = PBXFileReference; fileEncoding = 4; lastKnownFileType = sourcecode.c.objc; path = SDWebImagePrefetcher.m; sourceTree = "<group>"; };
		2F9A326C208DE903005BFACC /* UIButton+WebCache.h */ = {isa = PBXFileReference; fileEncoding = 4; lastKnownFileType = sourcecode.c.h; path = "UIButton+WebCache.h"; sourceTree = "<group>"; };
		2F9A326D208DE903005BFACC /* UIButton+WebCache.m */ = {isa = PBXFileReference; fileEncoding = 4; lastKnownFileType = sourcecode.c.objc; path = "UIButton+WebCache.m"; sourceTree = "<group>"; };
		2F9A326E208DE903005BFACC /* UIImage+GIF.h */ = {isa = PBXFileReference; fileEncoding = 4; lastKnownFileType = sourcecode.c.h; path = "UIImage+GIF.h"; sourceTree = "<group>"; };
		2F9A326F208DE903005BFACC /* UIImage+GIF.m */ = {isa = PBXFileReference; fileEncoding = 4; lastKnownFileType = sourcecode.c.objc; path = "UIImage+GIF.m"; sourceTree = "<group>"; };
		2F9A3270208DE903005BFACC /* UIImage+MultiFormat.h */ = {isa = PBXFileReference; fileEncoding = 4; lastKnownFileType = sourcecode.c.h; path = "UIImage+MultiFormat.h"; sourceTree = "<group>"; };
		2F9A3271208DE903005BFACC /* UIImage+MultiFormat.m */ = {isa = PBXFileReference; fileEncoding = 4; lastKnownFileType = sourcecode.c.objc; path = "UIImage+MultiFormat.m"; sourceTree = "<group>"; };
		2F9A3272208DE903005BFACC /* UIImage+WebP.h */ = {isa = PBXFileReference; fileEncoding = 4; lastKnownFileType = sourcecode.c.h; path = "UIImage+WebP.h"; sourceTree = "<group>"; };
		2F9A3273208DE903005BFACC /* UIImage+WebP.m */ = {isa = PBXFileReference; fileEncoding = 4; lastKnownFileType = sourcecode.c.objc; path = "UIImage+WebP.m"; sourceTree = "<group>"; };
		2F9A3274208DE903005BFACC /* UIImageView+HighlightedWebCache.h */ = {isa = PBXFileReference; fileEncoding = 4; lastKnownFileType = sourcecode.c.h; path = "UIImageView+HighlightedWebCache.h"; sourceTree = "<group>"; };
		2F9A3275208DE903005BFACC /* UIImageView+HighlightedWebCache.m */ = {isa = PBXFileReference; fileEncoding = 4; lastKnownFileType = sourcecode.c.objc; path = "UIImageView+HighlightedWebCache.m"; sourceTree = "<group>"; };
		2F9A3276208DE903005BFACC /* UIImageView+WebCache.h */ = {isa = PBXFileReference; fileEncoding = 4; lastKnownFileType = sourcecode.c.h; path = "UIImageView+WebCache.h"; sourceTree = "<group>"; };
		2F9A3277208DE903005BFACC /* UIImageView+WebCache.m */ = {isa = PBXFileReference; fileEncoding = 4; lastKnownFileType = sourcecode.c.objc; path = "UIImageView+WebCache.m"; sourceTree = "<group>"; };
		2F9A3278208DE903005BFACC /* UIView+WebCache.h */ = {isa = PBXFileReference; fileEncoding = 4; lastKnownFileType = sourcecode.c.h; path = "UIView+WebCache.h"; sourceTree = "<group>"; };
		2F9A3279208DE903005BFACC /* UIView+WebCache.m */ = {isa = PBXFileReference; fileEncoding = 4; lastKnownFileType = sourcecode.c.objc; path = "UIView+WebCache.m"; sourceTree = "<group>"; };
		2F9A327A208DE903005BFACC /* UIView+WebCacheOperation.h */ = {isa = PBXFileReference; fileEncoding = 4; lastKnownFileType = sourcecode.c.h; path = "UIView+WebCacheOperation.h"; sourceTree = "<group>"; };
		2F9A327B208DE903005BFACC /* UIView+WebCacheOperation.m */ = {isa = PBXFileReference; fileEncoding = 4; lastKnownFileType = sourcecode.c.objc; path = "UIView+WebCacheOperation.m"; sourceTree = "<group>"; };
		2F9A327D208DE903005BFACC /* LICENSE.txt */ = {isa = PBXFileReference; fileEncoding = 4; lastKnownFileType = text; path = LICENSE.txt; sourceTree = "<group>"; };
		2F9A327E208DE903005BFACC /* README.md */ = {isa = PBXFileReference; fileEncoding = 4; lastKnownFileType = net.daringfireball.markdown; path = README.md; sourceTree = "<group>"; };
		2F9A3280208DE903005BFACC /* SVIndefiniteAnimatedView.h */ = {isa = PBXFileReference; fileEncoding = 4; lastKnownFileType = sourcecode.c.h; path = SVIndefiniteAnimatedView.h; sourceTree = "<group>"; };
		2F9A3281208DE903005BFACC /* SVIndefiniteAnimatedView.m */ = {isa = PBXFileReference; fileEncoding = 4; lastKnownFileType = sourcecode.c.objc; path = SVIndefiniteAnimatedView.m; sourceTree = "<group>"; };
		2F9A3282208DE903005BFACC /* SVProgressAnimatedView.h */ = {isa = PBXFileReference; fileEncoding = 4; lastKnownFileType = sourcecode.c.h; path = SVProgressAnimatedView.h; sourceTree = "<group>"; };
		2F9A3283208DE903005BFACC /* SVProgressAnimatedView.m */ = {isa = PBXFileReference; fileEncoding = 4; lastKnownFileType = sourcecode.c.objc; path = SVProgressAnimatedView.m; sourceTree = "<group>"; };
		2F9A3284208DE903005BFACC /* SVProgressHUD.bundle */ = {isa = PBXFileReference; lastKnownFileType = "wrapper.plug-in"; path = SVProgressHUD.bundle; sourceTree = "<group>"; };
		2F9A3285208DE903005BFACC /* SVProgressHUD.h */ = {isa = PBXFileReference; fileEncoding = 4; lastKnownFileType = sourcecode.c.h; path = SVProgressHUD.h; sourceTree = "<group>"; };
		2F9A3286208DE903005BFACC /* SVProgressHUD.m */ = {isa = PBXFileReference; fileEncoding = 4; lastKnownFileType = sourcecode.c.objc; path = SVProgressHUD.m; sourceTree = "<group>"; };
		2F9A3287208DE903005BFACC /* SVRadialGradientLayer.h */ = {isa = PBXFileReference; fileEncoding = 4; lastKnownFileType = sourcecode.c.h; path = SVRadialGradientLayer.h; sourceTree = "<group>"; };
		2F9A3288208DE903005BFACC /* SVRadialGradientLayer.m */ = {isa = PBXFileReference; fileEncoding = 4; lastKnownFileType = sourcecode.c.objc; path = SVRadialGradientLayer.m; sourceTree = "<group>"; };
		2F9A328A208DE903005BFACC /* LICENSE */ = {isa = PBXFileReference; fileEncoding = 4; lastKnownFileType = text; path = LICENSE; sourceTree = "<group>"; };
		2F9A328B208DE903005BFACC /* README.md */ = {isa = PBXFileReference; fileEncoding = 4; lastKnownFileType = net.daringfireball.markdown; path = README.md; sourceTree = "<group>"; };
		2F9A328D208DE903005BFACC /* YYAnimatedImageView.h */ = {isa = PBXFileReference; fileEncoding = 4; lastKnownFileType = sourcecode.c.h; path = YYAnimatedImageView.h; sourceTree = "<group>"; };
		2F9A328E208DE903005BFACC /* YYAnimatedImageView.m */ = {isa = PBXFileReference; fileEncoding = 4; lastKnownFileType = sourcecode.c.objc; path = YYAnimatedImageView.m; sourceTree = "<group>"; };
		2F9A328F208DE903005BFACC /* YYFrameImage.h */ = {isa = PBXFileReference; fileEncoding = 4; lastKnownFileType = sourcecode.c.h; path = YYFrameImage.h; sourceTree = "<group>"; };
		2F9A3290208DE903005BFACC /* YYFrameImage.m */ = {isa = PBXFileReference; fileEncoding = 4; lastKnownFileType = sourcecode.c.objc; path = YYFrameImage.m; sourceTree = "<group>"; };
		2F9A3291208DE903005BFACC /* YYImage.h */ = {isa = PBXFileReference; fileEncoding = 4; lastKnownFileType = sourcecode.c.h; path = YYImage.h; sourceTree = "<group>"; };
		2F9A3292208DE903005BFACC /* YYImage.m */ = {isa = PBXFileReference; fileEncoding = 4; lastKnownFileType = sourcecode.c.objc; path = YYImage.m; sourceTree = "<group>"; };
		2F9A3293208DE903005BFACC /* YYImageCoder.h */ = {isa = PBXFileReference; fileEncoding = 4; lastKnownFileType = sourcecode.c.h; path = YYImageCoder.h; sourceTree = "<group>"; };
		2F9A3294208DE903005BFACC /* YYImageCoder.m */ = {isa = PBXFileReference; fileEncoding = 4; lastKnownFileType = sourcecode.c.objc; path = YYImageCoder.m; sourceTree = "<group>"; };
		2F9A3295208DE903005BFACC /* YYSpriteSheetImage.h */ = {isa = PBXFileReference; fileEncoding = 4; lastKnownFileType = sourcecode.c.h; path = YYSpriteSheetImage.h; sourceTree = "<group>"; };
		2F9A3296208DE903005BFACC /* YYSpriteSheetImage.m */ = {isa = PBXFileReference; fileEncoding = 4; lastKnownFileType = sourcecode.c.objc; path = YYSpriteSheetImage.m; sourceTree = "<group>"; };
		2F9A329D208DE903005BFACC /* MobLink.framework */ = {isa = PBXFileReference; lastKnownFileType = wrapper.framework; path = MobLink.framework; sourceTree = "<group>"; };
		2F9A329F208DE903005BFACC /* MOBFoundation.framework */ = {isa = PBXFileReference; lastKnownFileType = wrapper.framework; path = MOBFoundation.framework; sourceTree = "<group>"; };
		2F9A32A1208DE903005BFACC /* ShareSDK.framework */ = {isa = PBXFileReference; lastKnownFileType = wrapper.framework; path = ShareSDK.framework; sourceTree = "<group>"; };
		2F9A32A4208DE903005BFACC /* ShareSDKConfigFile.bundle */ = {isa = PBXFileReference; lastKnownFileType = "wrapper.plug-in"; path = ShareSDKConfigFile.bundle; sourceTree = "<group>"; };
		2F9A32A5208DE903005BFACC /* ShareSDKConfigFile.framework */ = {isa = PBXFileReference; lastKnownFileType = wrapper.framework; path = ShareSDKConfigFile.framework; sourceTree = "<group>"; };
		2F9A32A6208DE903005BFACC /* ShareSDKExtension.framework */ = {isa = PBXFileReference; lastKnownFileType = wrapper.framework; path = ShareSDKExtension.framework; sourceTree = "<group>"; };
		2F9A32A7208DE903005BFACC /* ShareSDKUI.bundle */ = {isa = PBXFileReference; lastKnownFileType = "wrapper.plug-in"; path = ShareSDKUI.bundle; sourceTree = "<group>"; };
		2F9A32A8208DE903005BFACC /* ShareSDKUI.framework */ = {isa = PBXFileReference; lastKnownFileType = wrapper.framework; path = ShareSDKUI.framework; sourceTree = "<group>"; };
		2F9A32AA208DE903005BFACC /* QQConnector.framework */ = {isa = PBXFileReference; lastKnownFileType = wrapper.framework; path = QQConnector.framework; sourceTree = "<group>"; };
		2F9A32AB208DE903005BFACC /* SinaWeiboConnector.framework */ = {isa = PBXFileReference; lastKnownFileType = wrapper.framework; path = SinaWeiboConnector.framework; sourceTree = "<group>"; };
		2F9A32AC208DE903005BFACC /* WechatConnector.framework */ = {isa = PBXFileReference; lastKnownFileType = wrapper.framework; path = WechatConnector.framework; sourceTree = "<group>"; };
		2F9A32AD208DE903005BFACC /* WhatsAppConnector.framework */ = {isa = PBXFileReference; lastKnownFileType = wrapper.framework; path = WhatsAppConnector.framework; sourceTree = "<group>"; };
		2F9A32B6208DE903005BFACC /* TencentOpenAPI.framework */ = {isa = PBXFileReference; lastKnownFileType = wrapper.framework; path = TencentOpenAPI.framework; sourceTree = "<group>"; };
		2F9A32B7208DE903005BFACC /* TencentOpenApi_IOS_Bundle.bundle */ = {isa = PBXFileReference; lastKnownFileType = "wrapper.plug-in"; path = TencentOpenApi_IOS_Bundle.bundle; sourceTree = "<group>"; };
		2F9A32BA208DE903005BFACC /* libWeiboSDK.a */ = {isa = PBXFileReference; lastKnownFileType = archive.ar; path = libWeiboSDK.a; sourceTree = "<group>"; };
		2F9A32BB208DE903005BFACC /* WBHttpRequest+WeiboToken.h */ = {isa = PBXFileReference; fileEncoding = 4; lastKnownFileType = sourcecode.c.h; path = "WBHttpRequest+WeiboToken.h"; sourceTree = "<group>"; };
		2F9A32BC208DE903005BFACC /* WBHttpRequest.h */ = {isa = PBXFileReference; fileEncoding = 4; lastKnownFileType = sourcecode.c.h; path = WBHttpRequest.h; sourceTree = "<group>"; };
		2F9A32BD208DE903005BFACC /* WeiboSDK+Statistics.h */ = {isa = PBXFileReference; fileEncoding = 4; lastKnownFileType = sourcecode.c.h; path = "WeiboSDK+Statistics.h"; sourceTree = "<group>"; };
		2F9A32BE208DE903005BFACC /* WeiboSDK.bundle */ = {isa = PBXFileReference; lastKnownFileType = "wrapper.plug-in"; path = WeiboSDK.bundle; sourceTree = "<group>"; };
		2F9A32BF208DE903005BFACC /* WeiboSDK.h */ = {isa = PBXFileReference; fileEncoding = 4; lastKnownFileType = sourcecode.c.h; path = WeiboSDK.h; sourceTree = "<group>"; };
		2F9A32C1208DE903005BFACC /* libWeChatSDK.a */ = {isa = PBXFileReference; lastKnownFileType = archive.ar; path = libWeChatSDK.a; sourceTree = "<group>"; };
		2F9A32C2208DE903005BFACC /* README.txt */ = {isa = PBXFileReference; fileEncoding = 4; lastKnownFileType = text; path = README.txt; sourceTree = "<group>"; };
		2F9A32C3208DE903005BFACC /* WechatAuthSDK.h */ = {isa = PBXFileReference; fileEncoding = 4; lastKnownFileType = sourcecode.c.h; path = WechatAuthSDK.h; sourceTree = "<group>"; };
		2F9A32C4208DE903005BFACC /* WXApi.h */ = {isa = PBXFileReference; fileEncoding = 4; lastKnownFileType = sourcecode.c.h; path = WXApi.h; sourceTree = "<group>"; };
		2F9A32C5208DE903005BFACC /* WXApiObject.h */ = {isa = PBXFileReference; fileEncoding = 4; lastKnownFileType = sourcecode.c.h; path = WXApiObject.h; sourceTree = "<group>"; };
		2F9A32C8208DE903005BFACC /* ShareSDK.bundle */ = {isa = PBXFileReference; lastKnownFileType = "wrapper.plug-in"; path = ShareSDK.bundle; sourceTree = "<group>"; };
		2F9A32C9208DE903005BFACC /* ShareSDKConnector.framework */ = {isa = PBXFileReference; lastKnownFileType = wrapper.framework; path = ShareSDKConnector.framework; sourceTree = "<group>"; };
		2F9A332E208DEB0B005BFACC /* libc++.tbd */ = {isa = PBXFileReference; lastKnownFileType = "sourcecode.text-based-dylib-definition"; name = "libc++.tbd"; path = "usr/lib/libc++.tbd"; sourceTree = SDKROOT; };
		2F9A3330208DEB1E005BFACC /* libz.tbd */ = {isa = PBXFileReference; lastKnownFileType = "sourcecode.text-based-dylib-definition"; name = libz.tbd; path = usr/lib/libz.tbd; sourceTree = SDKROOT; };
		2F9A3332208DEB2C005BFACC /* AdSupport.framework */ = {isa = PBXFileReference; lastKnownFileType = wrapper.framework; name = AdSupport.framework; path = System/Library/Frameworks/AdSupport.framework; sourceTree = SDKROOT; };
		2F9A3334208DEB33005BFACC /* Security.framework */ = {isa = PBXFileReference; lastKnownFileType = wrapper.framework; name = Security.framework; path = System/Library/Frameworks/Security.framework; sourceTree = SDKROOT; };
		2F9A3336208DEB3B005BFACC /* SystemConfiguration.framework */ = {isa = PBXFileReference; lastKnownFileType = wrapper.framework; name = SystemConfiguration.framework; path = System/Library/Frameworks/SystemConfiguration.framework; sourceTree = SDKROOT; };
		2F9A3338208DEB43005BFACC /* CoreTelephony.framework */ = {isa = PBXFileReference; lastKnownFileType = wrapper.framework; name = CoreTelephony.framework; path = System/Library/Frameworks/CoreTelephony.framework; sourceTree = SDKROOT; };
		2F9A333A208DEB58005BFACC /* CoreLocation.framework */ = {isa = PBXFileReference; lastKnownFileType = wrapper.framework; name = CoreLocation.framework; path = System/Library/Frameworks/CoreLocation.framework; sourceTree = SDKROOT; };
		2F9A333C208DEB61005BFACC /* QuartzCore.framework */ = {isa = PBXFileReference; lastKnownFileType = wrapper.framework; name = QuartzCore.framework; path = System/Library/Frameworks/QuartzCore.framework; sourceTree = SDKROOT; };
		2F9A333E208DEB6A005BFACC /* CoreGraphics.framework */ = {isa = PBXFileReference; lastKnownFileType = wrapper.framework; name = CoreGraphics.framework; path = System/Library/Frameworks/CoreGraphics.framework; sourceTree = SDKROOT; };
		2F9A3340208DEB6F005BFACC /* Foundation.framework */ = {isa = PBXFileReference; lastKnownFileType = wrapper.framework; name = Foundation.framework; path = System/Library/Frameworks/Foundation.framework; sourceTree = SDKROOT; };
		2F9A3342208DEB79005BFACC /* UIKit.framework */ = {isa = PBXFileReference; lastKnownFileType = wrapper.framework; name = UIKit.framework; path = System/Library/Frameworks/UIKit.framework; sourceTree = SDKROOT; };
		2F9A3344208DEB91005BFACC /* OpenGLES.framework */ = {isa = PBXFileReference; lastKnownFileType = wrapper.framework; name = OpenGLES.framework; path = System/Library/Frameworks/OpenGLES.framework; sourceTree = SDKROOT; };
		2F9A3346208DEB97005BFACC /* GLKit.framework */ = {isa = PBXFileReference; lastKnownFileType = wrapper.framework; name = GLKit.framework; path = System/Library/Frameworks/GLKit.framework; sourceTree = SDKROOT; };
		2F9A3348208ECA96005BFACC /* libsqlite3.0.tbd */ = {isa = PBXFileReference; lastKnownFileType = "sourcecode.text-based-dylib-definition"; name = libsqlite3.0.tbd; path = usr/lib/libsqlite3.0.tbd; sourceTree = SDKROOT; };
		2F9A334A208ECA9F005BFACC /* JavaScriptCore.framework */ = {isa = PBXFileReference; lastKnownFileType = wrapper.framework; name = JavaScriptCore.framework; path = System/Library/Frameworks/JavaScriptCore.framework; sourceTree = SDKROOT; };
		2F9A334C208ECAA8005BFACC /* libstdc++.6.0.9.tbd */ = {isa = PBXFileReference; lastKnownFileType = "sourcecode.text-based-dylib-definition"; name = "libstdc++.6.0.9.tbd"; path = "usr/lib/libstdc++.6.0.9.tbd"; sourceTree = SDKROOT; };
		2F9A334E208ECAB0005BFACC /* libz.1.1.3.tbd */ = {isa = PBXFileReference; lastKnownFileType = "sourcecode.text-based-dylib-definition"; name = libz.1.1.3.tbd; path = usr/lib/libz.1.1.3.tbd; sourceTree = SDKROOT; };
		2F9A3350208ECABD005BFACC /* libicucore.A.tbd */ = {isa = PBXFileReference; lastKnownFileType = "sourcecode.text-based-dylib-definition"; name = libicucore.A.tbd; path = usr/lib/libicucore.A.tbd; sourceTree = SDKROOT; };
		2F9A3352208ECAEE005BFACC /* CoreData.framework */ = {isa = PBXFileReference; lastKnownFileType = wrapper.framework; name = CoreData.framework; path = System/Library/Frameworks/CoreData.framework; sourceTree = SDKROOT; };
		3A35367F1FA87B63001FD200 /* MyBBSViewController.h */ = {isa = PBXFileReference; fileEncoding = 4; lastKnownFileType = sourcecode.c.h; path = MyBBSViewController.h; sourceTree = "<group>"; };
		3A3536801FA87B63001FD200 /* MyBBSViewController.xib */ = {isa = PBXFileReference; fileEncoding = 4; lastKnownFileType = file.xib; path = MyBBSViewController.xib; sourceTree = "<group>"; };
		3A3536811FA87B63001FD200 /* MyBBSViewController.m */ = {isa = PBXFileReference; fileEncoding = 4; lastKnownFileType = sourcecode.c.objc; path = MyBBSViewController.m; sourceTree = "<group>"; };
		3A7B28E71FA71E0F00DE01D1 /* BBSSDKDemo.app */ = {isa = PBXFileReference; explicitFileType = wrapper.application; includeInIndex = 0; path = BBSSDKDemo.app; sourceTree = BUILT_PRODUCTS_DIR; };
		3A7B28EB1FA71E0F00DE01D1 /* main.m */ = {isa = PBXFileReference; lastKnownFileType = sourcecode.c.objc; path = main.m; sourceTree = "<group>"; };
		3A7B28ED1FA71E0F00DE01D1 /* AppDelegate.h */ = {isa = PBXFileReference; lastKnownFileType = sourcecode.c.h; path = AppDelegate.h; sourceTree = "<group>"; };
		3A7B28EE1FA71E0F00DE01D1 /* AppDelegate.m */ = {isa = PBXFileReference; lastKnownFileType = sourcecode.c.objc; path = AppDelegate.m; sourceTree = "<group>"; };
		3A7B28F01FA71E0F00DE01D1 /* ViewController.h */ = {isa = PBXFileReference; lastKnownFileType = sourcecode.c.h; path = ViewController.h; sourceTree = "<group>"; };
		3A7B28F11FA71E0F00DE01D1 /* ViewController.m */ = {isa = PBXFileReference; lastKnownFileType = sourcecode.c.objc; path = ViewController.m; sourceTree = "<group>"; };
		3A7B28F61FA71E0F00DE01D1 /* Assets.xcassets */ = {isa = PBXFileReference; lastKnownFileType = folder.assetcatalog; path = Assets.xcassets; sourceTree = "<group>"; };
		3A7B28F91FA71E0F00DE01D1 /* Base */ = {isa = PBXFileReference; lastKnownFileType = file.storyboard; name = Base; path = Base.lproj/LaunchScreen.storyboard; sourceTree = "<group>"; };
		3A7B28FB1FA71E0F00DE01D1 /* Info.plist */ = {isa = PBXFileReference; lastKnownFileType = text.plist.xml; path = Info.plist; sourceTree = "<group>"; };
		3A7B2B1D1FA7211700DE01D1 /* MOBShareSDKHelper.h */ = {isa = PBXFileReference; fileEncoding = 4; lastKnownFileType = sourcecode.c.h; path = MOBShareSDKHelper.h; sourceTree = "<group>"; };
		3A7B2B1E1FA7211700DE01D1 /* MOBShareSDKHelper.m */ = {isa = PBXFileReference; fileEncoding = 4; lastKnownFileType = sourcecode.c.objc; path = MOBShareSDKHelper.m; sourceTree = "<group>"; };
		3AD207F41FA73C2F00257D62 /* BBSSDKDemo.entitlements */ = {isa = PBXFileReference; lastKnownFileType = text.plist.entitlements; path = BBSSDKDemo.entitlements; sourceTree = "<group>"; };
		3AEDBB2F1FFCD07300B43A6E /* Default-414w-736h@3x.jpg */ = {isa = PBXFileReference; lastKnownFileType = image.jpeg; path = "Default-414w-736h@3x.jpg"; sourceTree = "<group>"; };
		3AEDBB301FFCD07300B43A6E /* ssssss.jpg */ = {isa = PBXFileReference; lastKnownFileType = image.jpeg; path = ssssss.jpg; sourceTree = "<group>"; };
/* End PBXFileReference section */

/* Begin PBXFrameworksBuildPhase section */
		3A7B28E41FA71E0F00DE01D1 /* Frameworks */ = {
			isa = PBXFrameworksBuildPhase;
			buildActionMask = 2147483647;
			files = (
				2F9A3353208ECAEE005BFACC /* CoreData.framework in Frameworks */,
				2F9A3351208ECABD005BFACC /* libicucore.A.tbd in Frameworks */,
				2F9A334F208ECAB0005BFACC /* libz.1.1.3.tbd in Frameworks */,
				2F9A334B208ECA9F005BFACC /* JavaScriptCore.framework in Frameworks */,
				2F9A3349208ECA96005BFACC /* libsqlite3.0.tbd in Frameworks */,
				2F9A3347208DEB97005BFACC /* GLKit.framework in Frameworks */,
				2F9A3345208DEB92005BFACC /* OpenGLES.framework in Frameworks */,
				2F9A3343208DEB79005BFACC /* UIKit.framework in Frameworks */,
				2F9A3341208DEB6F005BFACC /* Foundation.framework in Frameworks */,
				2F9A333F208DEB6A005BFACC /* CoreGraphics.framework in Frameworks */,
				2F9A333D208DEB61005BFACC /* QuartzCore.framework in Frameworks */,
				2F9A333B208DEB58005BFACC /* CoreLocation.framework in Frameworks */,
				2F9A3339208DEB43005BFACC /* CoreTelephony.framework in Frameworks */,
				2F9A3337208DEB3B005BFACC /* SystemConfiguration.framework in Frameworks */,
				2F9A3335208DEB33005BFACC /* Security.framework in Frameworks */,
				2F9A3333208DEB2C005BFACC /* AdSupport.framework in Frameworks */,
				2F9A3331208DEB1E005BFACC /* libz.tbd in Frameworks */,
				2F9A332F208DEB0B005BFACC /* libc++.tbd in Frameworks */,
				2F9A3323208DE903005BFACC /* WechatConnector.framework in Frameworks */,
				2F9A3329208DE903005BFACC /* libWeChatSDK.a in Frameworks */,
				2F9A331A208DE903005BFACC /* MOBFoundation.framework in Frameworks */,
				2F9A32CF208DE903005BFACC /* AMapFoundationKit.framework in Frameworks */,
				2F9A3327208DE903005BFACC /* libWeiboSDK.a in Frameworks */,
				2F9A3320208DE903005BFACC /* ShareSDKUI.framework in Frameworks */,
				2F9A32D1208DE903005BFACC /* MAMapKit.framework in Frameworks */,
				2F9A32CA208DE903005BFACC /* BBSSDK.framework in Frameworks */,
				2F9A3321208DE903005BFACC /* QQConnector.framework in Frameworks */,
				2F9A32D0208DE903005BFACC /* AMapSearchKit.framework in Frameworks */,
				2F9A331E208DE903005BFACC /* ShareSDKExtension.framework in Frameworks */,
				2F9A3322208DE903005BFACC /* SinaWeiboConnector.framework in Frameworks */,
				2F9A331B208DE903005BFACC /* ShareSDK.framework in Frameworks */,
				2F9A331D208DE903005BFACC /* ShareSDKConfigFile.framework in Frameworks */,
				2F9A3319208DE903005BFACC /* MobLink.framework in Frameworks */,
				2F9A32CC208DE903005BFACC /* BBSSDKUI.framework in Frameworks */,
				2F9A3325208DE903005BFACC /* TencentOpenAPI.framework in Frameworks */,
				2F9A332C208DE903005BFACC /* ShareSDKConnector.framework in Frameworks */,
				2F9A3324208DE903005BFACC /* WhatsAppConnector.framework in Frameworks */,
			);
			runOnlyForDeploymentPostprocessing = 0;
		};
/* End PBXFrameworksBuildPhase section */

/* Begin PBXGroup section */
		2F9A31ED208DE903005BFACC /* SDK */ = {
			isa = PBXGroup;
			children = (
				2F9A31EE208DE903005BFACC /* BBSSDK */,
				2F9A329C208DE903005BFACC /* MobLink */,
				2F9A329E208DE903005BFACC /* Required */,
				2F9A32A0208DE903005BFACC /* ShareSDK */,
			);
			name = SDK;
			path = ../../../SDK;
			sourceTree = "<group>";
		};
		2F9A31EE208DE903005BFACC /* BBSSDK */ = {
			isa = PBXGroup;
			children = (
				2F9A31EF208DE903005BFACC /* BBSSDK.framework */,
				2F9A31F0208DE903005BFACC /* BBSSDKUI */,
				2F9A31F6208DE903005BFACC /* Common */,
			);
			path = BBSSDK;
			sourceTree = "<group>";
		};
		2F9A31F0208DE903005BFACC /* BBSSDKUI */ = {
			isa = PBXGroup;
			children = (
				2F9A31F1208DE903005BFACC /* BBSSDKUI.bundle */,
				2F9A31F2208DE903005BFACC /* BBSSDKUI.framework */,
			);
			path = BBSSDKUI;
			sourceTree = "<group>";
		};
		2F9A31F6208DE903005BFACC /* Common */ = {
			isa = PBXGroup;
			children = (
				2F9A31F7208DE903005BFACC /* 3rdPart */,
			);
			path = Common;
			sourceTree = "<group>";
		};
		2F9A31F7208DE903005BFACC /* 3rdPart */ = {
			isa = PBXGroup;
			children = (
				2F9A31F8208DE903005BFACC /* AMap */,
				2F9A31FC208DE903005BFACC /* FDTemplateLayoutCell */,
				2F9A3205208DE903005BFACC /* Masonry */,
				2F9A3220208DE903005BFACC /* MBProgressHUD */,
				2F9A3223208DE903005BFACC /* MJRefresh */,
				2F9A3252208DE903005BFACC /* SDWebImage */,
				2F9A327C208DE903005BFACC /* SVProgressHUD */,
				2F9A3289208DE903005BFACC /* YYImage */,
			);
			path = 3rdPart;
			sourceTree = "<group>";
		};
		2F9A31F8208DE903005BFACC /* AMap */ = {
			isa = PBXGroup;
			children = (
				2F9A31F9208DE903005BFACC /* AMapFoundationKit.framework */,
				2F9A31FA208DE903005BFACC /* AMapSearchKit.framework */,
				2F9A31FB208DE903005BFACC /* MAMapKit.framework */,
			);
			path = AMap;
			sourceTree = "<group>";
		};
		2F9A31FC208DE903005BFACC /* FDTemplateLayoutCell */ = {
			isa = PBXGroup;
			children = (
				2F9A31FD208DE903005BFACC /* UITableView+FDIndexPathHeightCache.h */,
				2F9A31FE208DE903005BFACC /* UITableView+FDIndexPathHeightCache.m */,
				2F9A31FF208DE903005BFACC /* UITableView+FDKeyedHeightCache.h */,
				2F9A3200208DE903005BFACC /* UITableView+FDKeyedHeightCache.m */,
				2F9A3201208DE903005BFACC /* UITableView+FDTemplateLayoutCell.h */,
				2F9A3202208DE903005BFACC /* UITableView+FDTemplateLayoutCell.m */,
				2F9A3203208DE903005BFACC /* UITableView+FDTemplateLayoutCellDebug.h */,
				2F9A3204208DE903005BFACC /* UITableView+FDTemplateLayoutCellDebug.m */,
			);
			path = FDTemplateLayoutCell;
			sourceTree = "<group>";
		};
		2F9A3205208DE903005BFACC /* Masonry */ = {
			isa = PBXGroup;
			children = (
				2F9A3206208DE903005BFACC /* Info.plist */,
				2F9A3207208DE903005BFACC /* MASCompositeConstraint.h */,
				2F9A3208208DE903005BFACC /* MASCompositeConstraint.m */,
				2F9A3209208DE903005BFACC /* MASConstraint+Private.h */,
				2F9A320A208DE903005BFACC /* MASConstraint.h */,
				2F9A320B208DE903005BFACC /* MASConstraint.m */,
				2F9A320C208DE903005BFACC /* MASConstraintMaker.h */,
				2F9A320D208DE903005BFACC /* MASConstraintMaker.m */,
				2F9A320E208DE903005BFACC /* MASLayoutConstraint.h */,
				2F9A320F208DE903005BFACC /* MASLayoutConstraint.m */,
				2F9A3210208DE903005BFACC /* Masonry.h */,
				2F9A3211208DE903005BFACC /* MASUtilities.h */,
				2F9A3212208DE903005BFACC /* MASViewAttribute.h */,
				2F9A3213208DE903005BFACC /* MASViewAttribute.m */,
				2F9A3214208DE903005BFACC /* MASViewConstraint.h */,
				2F9A3215208DE903005BFACC /* MASViewConstraint.m */,
				2F9A3216208DE903005BFACC /* NSArray+MASAdditions.h */,
				2F9A3217208DE903005BFACC /* NSArray+MASAdditions.m */,
				2F9A3218208DE903005BFACC /* NSArray+MASShorthandAdditions.h */,
				2F9A3219208DE903005BFACC /* NSLayoutConstraint+MASDebugAdditions.h */,
				2F9A321A208DE903005BFACC /* NSLayoutConstraint+MASDebugAdditions.m */,
				2F9A321B208DE903005BFACC /* View+MASAdditions.h */,
				2F9A321C208DE903005BFACC /* View+MASAdditions.m */,
				2F9A321D208DE903005BFACC /* View+MASShorthandAdditions.h */,
				2F9A321E208DE903005BFACC /* ViewController+MASAdditions.h */,
				2F9A321F208DE903005BFACC /* ViewController+MASAdditions.m */,
			);
			path = Masonry;
			sourceTree = "<group>";
		};
		2F9A3220208DE903005BFACC /* MBProgressHUD */ = {
			isa = PBXGroup;
			children = (
				2F9A3221208DE903005BFACC /* MBProgressHUD.h */,
				2F9A3222208DE903005BFACC /* MBProgressHUD.m */,
			);
			path = MBProgressHUD;
			sourceTree = "<group>";
		};
		2F9A3223208DE903005BFACC /* MJRefresh */ = {
			isa = PBXGroup;
			children = (
				2F9A3224208DE903005BFACC /* Base */,
				2F9A322F208DE903005BFACC /* Custom */,
				2F9A3246208DE903005BFACC /* MJRefresh.bundle */,
				2F9A3247208DE903005BFACC /* MJRefresh.h */,
				2F9A3248208DE903005BFACC /* MJRefreshConst.h */,
				2F9A3249208DE903005BFACC /* MJRefreshConst.m */,
				2F9A324A208DE903005BFACC /* NSBundle+MJRefresh.h */,
				2F9A324B208DE903005BFACC /* NSBundle+MJRefresh.m */,
				2F9A324C208DE903005BFACC /* UIScrollView+MJExtension.h */,
				2F9A324D208DE903005BFACC /* UIScrollView+MJExtension.m */,
				2F9A324E208DE903005BFACC /* UIScrollView+MJRefresh.h */,
				2F9A324F208DE903005BFACC /* UIScrollView+MJRefresh.m */,
				2F9A3250208DE903005BFACC /* UIView+MJExtension.h */,
				2F9A3251208DE903005BFACC /* UIView+MJExtension.m */,
			);
			path = MJRefresh;
			sourceTree = "<group>";
		};
		2F9A3224208DE903005BFACC /* Base */ = {
			isa = PBXGroup;
			children = (
				2F9A3225208DE903005BFACC /* MJRefreshAutoFooter.h */,
				2F9A3226208DE903005BFACC /* MJRefreshAutoFooter.m */,
				2F9A3227208DE903005BFACC /* MJRefreshBackFooter.h */,
				2F9A3228208DE903005BFACC /* MJRefreshBackFooter.m */,
				2F9A3229208DE903005BFACC /* MJRefreshComponent.h */,
				2F9A322A208DE903005BFACC /* MJRefreshComponent.m */,
				2F9A322B208DE903005BFACC /* MJRefreshFooter.h */,
				2F9A322C208DE903005BFACC /* MJRefreshFooter.m */,
				2F9A322D208DE903005BFACC /* MJRefreshHeader.h */,
				2F9A322E208DE903005BFACC /* MJRefreshHeader.m */,
			);
			path = Base;
			sourceTree = "<group>";
		};
		2F9A322F208DE903005BFACC /* Custom */ = {
			isa = PBXGroup;
			children = (
				2F9A3230208DE903005BFACC /* Footer */,
				2F9A323F208DE903005BFACC /* Header */,
			);
			path = Custom;
			sourceTree = "<group>";
		};
		2F9A3230208DE903005BFACC /* Footer */ = {
			isa = PBXGroup;
			children = (
				2F9A3231208DE903005BFACC /* Auto */,
				2F9A3238208DE903005BFACC /* Back */,
			);
			path = Footer;
			sourceTree = "<group>";
		};
		2F9A3231208DE903005BFACC /* Auto */ = {
			isa = PBXGroup;
			children = (
				2F9A3232208DE903005BFACC /* MJRefreshAutoGifFooter.h */,
				2F9A3233208DE903005BFACC /* MJRefreshAutoGifFooter.m */,
				2F9A3234208DE903005BFACC /* MJRefreshAutoNormalFooter.h */,
				2F9A3235208DE903005BFACC /* MJRefreshAutoNormalFooter.m */,
				2F9A3236208DE903005BFACC /* MJRefreshAutoStateFooter.h */,
				2F9A3237208DE903005BFACC /* MJRefreshAutoStateFooter.m */,
			);
			path = Auto;
			sourceTree = "<group>";
		};
		2F9A3238208DE903005BFACC /* Back */ = {
			isa = PBXGroup;
			children = (
				2F9A3239208DE903005BFACC /* MJRefreshBackGifFooter.h */,
				2F9A323A208DE903005BFACC /* MJRefreshBackGifFooter.m */,
				2F9A323B208DE903005BFACC /* MJRefreshBackNormalFooter.h */,
				2F9A323C208DE903005BFACC /* MJRefreshBackNormalFooter.m */,
				2F9A323D208DE903005BFACC /* MJRefreshBackStateFooter.h */,
				2F9A323E208DE903005BFACC /* MJRefreshBackStateFooter.m */,
			);
			path = Back;
			sourceTree = "<group>";
		};
		2F9A323F208DE903005BFACC /* Header */ = {
			isa = PBXGroup;
			children = (
				2F9A3240208DE903005BFACC /* MJRefreshGifHeader.h */,
				2F9A3241208DE903005BFACC /* MJRefreshGifHeader.m */,
				2F9A3242208DE903005BFACC /* MJRefreshNormalHeader.h */,
				2F9A3243208DE903005BFACC /* MJRefreshNormalHeader.m */,
				2F9A3244208DE903005BFACC /* MJRefreshStateHeader.h */,
				2F9A3245208DE903005BFACC /* MJRefreshStateHeader.m */,
			);
			path = Header;
			sourceTree = "<group>";
		};
		2F9A3252208DE903005BFACC /* SDWebImage */ = {
			isa = PBXGroup;
			children = (
				2F9A3253208DE903005BFACC /* FLAnimatedImage */,
				2F9A3254208DE903005BFACC /* MKAnnotationView+WebCache.h */,
				2F9A3255208DE903005BFACC /* MKAnnotationView+WebCache.m */,
				2F9A3256208DE903005BFACC /* NSData+ImageContentType.h */,
				2F9A3257208DE903005BFACC /* NSData+ImageContentType.m */,
				2F9A3258208DE903005BFACC /* NSImage+WebCache.h */,
				2F9A3259208DE903005BFACC /* NSImage+WebCache.m */,
				2F9A325A208DE903005BFACC /* SDImageCache.h */,
				2F9A325B208DE903005BFACC /* SDImageCache.m */,
				2F9A325C208DE903005BFACC /* SDImageCacheConfig.h */,
				2F9A325D208DE903005BFACC /* SDImageCacheConfig.m */,
				2F9A325E208DE903005BFACC /* SDWebImage */,
				2F9A325F208DE903005BFACC /* SDWebImageCompat.h */,
				2F9A3260208DE903005BFACC /* SDWebImageCompat.m */,
				2F9A3261208DE903005BFACC /* SDWebImageDecoder.h */,
				2F9A3262208DE903005BFACC /* SDWebImageDecoder.m */,
				2F9A3263208DE903005BFACC /* SDWebImageDownloader.h */,
				2F9A3264208DE903005BFACC /* SDWebImageDownloader.m */,
				2F9A3265208DE903005BFACC /* SDWebImageDownloaderOperation.h */,
				2F9A3266208DE903005BFACC /* SDWebImageDownloaderOperation.m */,
				2F9A3267208DE903005BFACC /* SDWebImageManager.h */,
				2F9A3268208DE903005BFACC /* SDWebImageManager.m */,
				2F9A3269208DE903005BFACC /* SDWebImageOperation.h */,
				2F9A326A208DE903005BFACC /* SDWebImagePrefetcher.h */,
				2F9A326B208DE903005BFACC /* SDWebImagePrefetcher.m */,
				2F9A326C208DE903005BFACC /* UIButton+WebCache.h */,
				2F9A326D208DE903005BFACC /* UIButton+WebCache.m */,
				2F9A326E208DE903005BFACC /* UIImage+GIF.h */,
				2F9A326F208DE903005BFACC /* UIImage+GIF.m */,
				2F9A3270208DE903005BFACC /* UIImage+MultiFormat.h */,
				2F9A3271208DE903005BFACC /* UIImage+MultiFormat.m */,
				2F9A3272208DE903005BFACC /* UIImage+WebP.h */,
				2F9A3273208DE903005BFACC /* UIImage+WebP.m */,
				2F9A3274208DE903005BFACC /* UIImageView+HighlightedWebCache.h */,
				2F9A3275208DE903005BFACC /* UIImageView+HighlightedWebCache.m */,
				2F9A3276208DE903005BFACC /* UIImageView+WebCache.h */,
				2F9A3277208DE903005BFACC /* UIImageView+WebCache.m */,
				2F9A3278208DE903005BFACC /* UIView+WebCache.h */,
				2F9A3279208DE903005BFACC /* UIView+WebCache.m */,
				2F9A327A208DE903005BFACC /* UIView+WebCacheOperation.h */,
				2F9A327B208DE903005BFACC /* UIView+WebCacheOperation.m */,
			);
			path = SDWebImage;
			sourceTree = "<group>";
		};
		2F9A3253208DE903005BFACC /* FLAnimatedImage */ = {
			isa = PBXGroup;
			children = (
			);
			path = FLAnimatedImage;
			sourceTree = "<group>";
		};
		2F9A325E208DE903005BFACC /* SDWebImage */ = {
			isa = PBXGroup;
			children = (
			);
			path = SDWebImage;
			sourceTree = "<group>";
		};
		2F9A327C208DE903005BFACC /* SVProgressHUD */ = {
			isa = PBXGroup;
			children = (
				2F9A327D208DE903005BFACC /* LICENSE.txt */,
				2F9A327E208DE903005BFACC /* README.md */,
				2F9A327F208DE903005BFACC /* SVProgressHUD */,
			);
			path = SVProgressHUD;
			sourceTree = "<group>";
		};
		2F9A327F208DE903005BFACC /* SVProgressHUD */ = {
			isa = PBXGroup;
			children = (
				2F9A3280208DE903005BFACC /* SVIndefiniteAnimatedView.h */,
				2F9A3281208DE903005BFACC /* SVIndefiniteAnimatedView.m */,
				2F9A3282208DE903005BFACC /* SVProgressAnimatedView.h */,
				2F9A3283208DE903005BFACC /* SVProgressAnimatedView.m */,
				2F9A3284208DE903005BFACC /* SVProgressHUD.bundle */,
				2F9A3285208DE903005BFACC /* SVProgressHUD.h */,
				2F9A3286208DE903005BFACC /* SVProgressHUD.m */,
				2F9A3287208DE903005BFACC /* SVRadialGradientLayer.h */,
				2F9A3288208DE903005BFACC /* SVRadialGradientLayer.m */,
			);
			path = SVProgressHUD;
			sourceTree = "<group>";
		};
		2F9A3289208DE903005BFACC /* YYImage */ = {
			isa = PBXGroup;
			children = (
				2F9A328A208DE903005BFACC /* LICENSE */,
				2F9A328B208DE903005BFACC /* README.md */,
				2F9A328C208DE903005BFACC /* YYImage */,
			);
			path = YYImage;
			sourceTree = "<group>";
		};
		2F9A328C208DE903005BFACC /* YYImage */ = {
			isa = PBXGroup;
			children = (
				2F9A328D208DE903005BFACC /* YYAnimatedImageView.h */,
				2F9A328E208DE903005BFACC /* YYAnimatedImageView.m */,
				2F9A328F208DE903005BFACC /* YYFrameImage.h */,
				2F9A3290208DE903005BFACC /* YYFrameImage.m */,
				2F9A3291208DE903005BFACC /* YYImage.h */,
				2F9A3292208DE903005BFACC /* YYImage.m */,
				2F9A3293208DE903005BFACC /* YYImageCoder.h */,
				2F9A3294208DE903005BFACC /* YYImageCoder.m */,
				2F9A3295208DE903005BFACC /* YYSpriteSheetImage.h */,
				2F9A3296208DE903005BFACC /* YYSpriteSheetImage.m */,
			);
			path = YYImage;
			sourceTree = "<group>";
		};
		2F9A329C208DE903005BFACC /* MobLink */ = {
			isa = PBXGroup;
			children = (
				2F9A329D208DE903005BFACC /* MobLink.framework */,
			);
			path = MobLink;
			sourceTree = "<group>";
		};
		2F9A329E208DE903005BFACC /* Required */ = {
			isa = PBXGroup;
			children = (
				2F9A329F208DE903005BFACC /* MOBFoundation.framework */,
			);
			path = Required;
			sourceTree = "<group>";
		};
		2F9A32A0208DE903005BFACC /* ShareSDK */ = {
			isa = PBXGroup;
			children = (
				2F9A32A1208DE903005BFACC /* ShareSDK.framework */,
				2F9A32A2208DE903005BFACC /* Support */,
			);
			path = ShareSDK;
			sourceTree = "<group>";
		};
		2F9A32A2208DE903005BFACC /* Support */ = {
			isa = PBXGroup;
			children = (
				2F9A32A3208DE903005BFACC /* Optional */,
				2F9A32A9208DE903005BFACC /* PlatformConnector */,
				2F9A32AE208DE903005BFACC /* PlatformSDK */,
				2F9A32C7208DE903005BFACC /* Required */,
			);
			path = Support;
			sourceTree = "<group>";
		};
		2F9A32A3208DE903005BFACC /* Optional */ = {
			isa = PBXGroup;
			children = (
				2F9A32A4208DE903005BFACC /* ShareSDKConfigFile.bundle */,
				2F9A32A5208DE903005BFACC /* ShareSDKConfigFile.framework */,
				2F9A32A6208DE903005BFACC /* ShareSDKExtension.framework */,
				2F9A32A7208DE903005BFACC /* ShareSDKUI.bundle */,
				2F9A32A8208DE903005BFACC /* ShareSDKUI.framework */,
			);
			path = Optional;
			sourceTree = "<group>";
		};
		2F9A32A9208DE903005BFACC /* PlatformConnector */ = {
			isa = PBXGroup;
			children = (
				2F9A32AA208DE903005BFACC /* QQConnector.framework */,
				2F9A32AB208DE903005BFACC /* SinaWeiboConnector.framework */,
				2F9A32AC208DE903005BFACC /* WechatConnector.framework */,
				2F9A32AD208DE903005BFACC /* WhatsAppConnector.framework */,
			);
			path = PlatformConnector;
			sourceTree = "<group>";
		};
		2F9A32AE208DE903005BFACC /* PlatformSDK */ = {
			isa = PBXGroup;
			children = (
				2F9A32AF208DE903005BFACC /* APSocialSDK */,
				2F9A32B0208DE903005BFACC /* DingTalkSDK */,
				2F9A32B1208DE903005BFACC /* FacebookMessengerSDK */,
				2F9A32B2208DE903005BFACC /* KaKaoSDK */,
				2F9A32B3208DE903005BFACC /* LineSDK */,
				2F9A32B4208DE903005BFACC /* MPShareSDK */,
				2F9A32B5208DE903005BFACC /* QQSDK */,
				2F9A32B8208DE903005BFACC /* RenRenSDK */,
				2F9A32B9208DE903005BFACC /* SinaWeiboSDK */,
				2F9A32C0208DE903005BFACC /* WeChatSDK */,
				2F9A32C6208DE903005BFACC /* YiXinSDK */,
			);
			path = PlatformSDK;
			sourceTree = "<group>";
		};
		2F9A32AF208DE903005BFACC /* APSocialSDK */ = {
			isa = PBXGroup;
			children = (
			);
			path = APSocialSDK;
			sourceTree = "<group>";
		};
		2F9A32B0208DE903005BFACC /* DingTalkSDK */ = {
			isa = PBXGroup;
			children = (
			);
			path = DingTalkSDK;
			sourceTree = "<group>";
		};
		2F9A32B1208DE903005BFACC /* FacebookMessengerSDK */ = {
			isa = PBXGroup;
			children = (
			);
			path = FacebookMessengerSDK;
			sourceTree = "<group>";
		};
		2F9A32B2208DE903005BFACC /* KaKaoSDK */ = {
			isa = PBXGroup;
			children = (
			);
			path = KaKaoSDK;
			sourceTree = "<group>";
		};
		2F9A32B3208DE903005BFACC /* LineSDK */ = {
			isa = PBXGroup;
			children = (
			);
			path = LineSDK;
			sourceTree = "<group>";
		};
		2F9A32B4208DE903005BFACC /* MPShareSDK */ = {
			isa = PBXGroup;
			children = (
			);
			path = MPShareSDK;
			sourceTree = "<group>";
		};
		2F9A32B5208DE903005BFACC /* QQSDK */ = {
			isa = PBXGroup;
			children = (
				2F9A32B6208DE903005BFACC /* TencentOpenAPI.framework */,
				2F9A32B7208DE903005BFACC /* TencentOpenApi_IOS_Bundle.bundle */,
			);
			path = QQSDK;
			sourceTree = "<group>";
		};
		2F9A32B8208DE903005BFACC /* RenRenSDK */ = {
			isa = PBXGroup;
			children = (
			);
			path = RenRenSDK;
			sourceTree = "<group>";
		};
		2F9A32B9208DE903005BFACC /* SinaWeiboSDK */ = {
			isa = PBXGroup;
			children = (
				2F9A32BA208DE903005BFACC /* libWeiboSDK.a */,
				2F9A32BB208DE903005BFACC /* WBHttpRequest+WeiboToken.h */,
				2F9A32BC208DE903005BFACC /* WBHttpRequest.h */,
				2F9A32BD208DE903005BFACC /* WeiboSDK+Statistics.h */,
				2F9A32BE208DE903005BFACC /* WeiboSDK.bundle */,
				2F9A32BF208DE903005BFACC /* WeiboSDK.h */,
			);
			path = SinaWeiboSDK;
			sourceTree = "<group>";
		};
		2F9A32C0208DE903005BFACC /* WeChatSDK */ = {
			isa = PBXGroup;
			children = (
				2F9A32C1208DE903005BFACC /* libWeChatSDK.a */,
				2F9A32C2208DE903005BFACC /* README.txt */,
				2F9A32C3208DE903005BFACC /* WechatAuthSDK.h */,
				2F9A32C4208DE903005BFACC /* WXApi.h */,
				2F9A32C5208DE903005BFACC /* WXApiObject.h */,
			);
			path = WeChatSDK;
			sourceTree = "<group>";
		};
		2F9A32C6208DE903005BFACC /* YiXinSDK */ = {
			isa = PBXGroup;
			children = (
			);
			path = YiXinSDK;
			sourceTree = "<group>";
		};
		2F9A32C7208DE903005BFACC /* Required */ = {
			isa = PBXGroup;
			children = (
				2F9A32C8208DE903005BFACC /* ShareSDK.bundle */,
				2F9A32C9208DE903005BFACC /* ShareSDKConnector.framework */,
			);
			path = Required;
			sourceTree = "<group>";
		};
		2F9A332D208DEB0B005BFACC /* Frameworks */ = {
			isa = PBXGroup;
			children = (
				2F9A3352208ECAEE005BFACC /* CoreData.framework */,
				2F9A3350208ECABD005BFACC /* libicucore.A.tbd */,
				2F9A334E208ECAB0005BFACC /* libz.1.1.3.tbd */,
				2F9A334C208ECAA8005BFACC /* libstdc++.6.0.9.tbd */,
				2F9A334A208ECA9F005BFACC /* JavaScriptCore.framework */,
				2F9A3348208ECA96005BFACC /* libsqlite3.0.tbd */,
				2F9A3346208DEB97005BFACC /* GLKit.framework */,
				2F9A3344208DEB91005BFACC /* OpenGLES.framework */,
				2F9A3342208DEB79005BFACC /* UIKit.framework */,
				2F9A3340208DEB6F005BFACC /* Foundation.framework */,
				2F9A333E208DEB6A005BFACC /* CoreGraphics.framework */,
				2F9A333C208DEB61005BFACC /* QuartzCore.framework */,
				2F9A333A208DEB58005BFACC /* CoreLocation.framework */,
				2F9A3338208DEB43005BFACC /* CoreTelephony.framework */,
				2F9A3336208DEB3B005BFACC /* SystemConfiguration.framework */,
				2F9A3334208DEB33005BFACC /* Security.framework */,
				2F9A3332208DEB2C005BFACC /* AdSupport.framework */,
				2F9A3330208DEB1E005BFACC /* libz.tbd */,
				2F9A332E208DEB0B005BFACC /* libc++.tbd */,
			);
			name = Frameworks;
			sourceTree = "<group>";
		};
		3A7B28DE1FA71E0F00DE01D1 = {
			isa = PBXGroup;
			children = (
				3A7B28E91FA71E0F00DE01D1 /* BBSSDKDemo */,
				3A7B28E81FA71E0F00DE01D1 /* Products */,
				2F9A332D208DEB0B005BFACC /* Frameworks */,
			);
			sourceTree = "<group>";
		};
		3A7B28E81FA71E0F00DE01D1 /* Products */ = {
			isa = PBXGroup;
			children = (
				3A7B28E71FA71E0F00DE01D1 /* BBSSDKDemo.app */,
			);
			name = Products;
			sourceTree = "<group>";
		};
		3A7B28E91FA71E0F00DE01D1 /* BBSSDKDemo */ = {
			isa = PBXGroup;
			children = (
				2F9A31ED208DE903005BFACC /* SDK */,
				3AD207F41FA73C2F00257D62 /* BBSSDKDemo.entitlements */,
				3A7B28ED1FA71E0F00DE01D1 /* AppDelegate.h */,
				3A7B28EE1FA71E0F00DE01D1 /* AppDelegate.m */,
				3A7B28F01FA71E0F00DE01D1 /* ViewController.h */,
				3A7B28F11FA71E0F00DE01D1 /* ViewController.m */,
				3A35367F1FA87B63001FD200 /* MyBBSViewController.h */,
				3A3536811FA87B63001FD200 /* MyBBSViewController.m */,
				3A3536801FA87B63001FD200 /* MyBBSViewController.xib */,
				3A7B2B1D1FA7211700DE01D1 /* MOBShareSDKHelper.h */,
				3A7B2B1E1FA7211700DE01D1 /* MOBShareSDKHelper.m */,
				3A7B28F61FA71E0F00DE01D1 /* Assets.xcassets */,
				3A7B28F81FA71E0F00DE01D1 /* LaunchScreen.storyboard */,
				3AEDBB2F1FFCD07300B43A6E /* Default-414w-736h@3x.jpg */,
				3AEDBB301FFCD07300B43A6E /* ssssss.jpg */,
				3A7B28FB1FA71E0F00DE01D1 /* Info.plist */,
				3A7B28EA1FA71E0F00DE01D1 /* Supporting Files */,
			);
			path = BBSSDKDemo;
			sourceTree = "<group>";
		};
		3A7B28EA1FA71E0F00DE01D1 /* Supporting Files */ = {
			isa = PBXGroup;
			children = (
				3A7B28EB1FA71E0F00DE01D1 /* main.m */,
			);
			name = "Supporting Files";
			sourceTree = "<group>";
		};
/* End PBXGroup section */

/* Begin PBXNativeTarget section */
		3A7B28E61FA71E0F00DE01D1 /* BBSSDKDemo */ = {
			isa = PBXNativeTarget;
			buildConfigurationList = 3A7B28FE1FA71E0F00DE01D1 /* Build configuration list for PBXNativeTarget "BBSSDKDemo" */;
			buildPhases = (
				3A7B28E31FA71E0F00DE01D1 /* Sources */,
				3A7B28E41FA71E0F00DE01D1 /* Frameworks */,
				3A7B28E51FA71E0F00DE01D1 /* Resources */,
			);
			buildRules = (
			);
			dependencies = (
			);
			name = BBSSDKDemo;
			productName = BBSSDKDemo;
			productReference = 3A7B28E71FA71E0F00DE01D1 /* BBSSDKDemo.app */;
			productType = "com.apple.product-type.application";
		};
/* End PBXNativeTarget section */

/* Begin PBXProject section */
		3A7B28DF1FA71E0F00DE01D1 /* Project object */ = {
			isa = PBXProject;
			attributes = {
				LastUpgradeCheck = 0720;
				ORGANIZATIONNAME = chuxiao;
				TargetAttributes = {
					3A7B28E61FA71E0F00DE01D1 = {
						CreatedOnToolsVersion = 7.2.1;
						DevelopmentTeam = LW5266U92D;
						ProvisioningStyle = Manual;
						SystemCapabilities = {
							com.apple.SafariKeychain = {
								enabled = 1;
							};
						};
					};
				};
			};
			buildConfigurationList = 3A7B28E21FA71E0F00DE01D1 /* Build configuration list for PBXProject "BBSSDKDemo" */;
			compatibilityVersion = "Xcode 3.2";
			developmentRegion = English;
			hasScannedForEncodings = 0;
			knownRegions = (
				en,
				Base,
			);
			mainGroup = 3A7B28DE1FA71E0F00DE01D1;
			productRefGroup = 3A7B28E81FA71E0F00DE01D1 /* Products */;
			projectDirPath = "";
			projectRoot = "";
			targets = (
				3A7B28E61FA71E0F00DE01D1 /* BBSSDKDemo */,
			);
		};
/* End PBXProject section */

/* Begin PBXResourcesBuildPhase section */
		3A7B28E51FA71E0F00DE01D1 /* Resources */ = {
			isa = PBXResourcesBuildPhase;
			buildActionMask = 2147483647;
			files = (
				2F9A3326208DE903005BFACC /* TencentOpenApi_IOS_Bundle.bundle in Resources */,
				2F9A32D6208DE903005BFACC /* Info.plist in Resources */,
				2F9A32CB208DE903005BFACC /* BBSSDKUI.bundle in Resources */,
				2F9A3310208DE903005BFACC /* LICENSE in Resources */,
				3A7B28FA1FA71E0F00DE01D1 /* LaunchScreen.storyboard in Resources */,
				2F9A3328208DE903005BFACC /* WeiboSDK.bundle in Resources */,
				3AEDBB321FFCD07300B43A6E /* ssssss.jpg in Resources */,
				3A3536821FA87B64001FD200 /* MyBBSViewController.xib in Resources */,
				3AEDBB311FFCD07300B43A6E /* Default-414w-736h@3x.jpg in Resources */,
				2F9A331C208DE903005BFACC /* ShareSDKConfigFile.bundle in Resources */,
				2F9A330D208DE903005BFACC /* SVProgressHUD.bundle in Resources */,
				3A7B28F71FA71E0F00DE01D1 /* Assets.xcassets in Resources */,
				2F9A3311208DE903005BFACC /* README.md in Resources */,
				2F9A331F208DE903005BFACC /* ShareSDKUI.bundle in Resources */,
				2F9A3309208DE903005BFACC /* LICENSE.txt in Resources */,
				2F9A332B208DE903005BFACC /* ShareSDK.bundle in Resources */,
				2F9A332A208DE903005BFACC /* README.txt in Resources */,
				2F9A330A208DE903005BFACC /* README.md in Resources */,
				2F9A32F0208DE903005BFACC /* MJRefresh.bundle in Resources */,
			);
			runOnlyForDeploymentPostprocessing = 0;
		};
/* End PBXResourcesBuildPhase section */

/* Begin PBXSourcesBuildPhase section */
		3A7B28E31FA71E0F00DE01D1 /* Sources */ = {
			isa = PBXSourcesBuildPhase;
			buildActionMask = 2147483647;
			files = (
				2F9A32DC208DE903005BFACC /* MASViewConstraint.m in Sources */,
				2F9A3304208DE903005BFACC /* UIImage+WebP.m in Sources */,
				2F9A3301208DE903005BFACC /* UIButton+WebCache.m in Sources */,
				2F9A32F3208DE903005BFACC /* UIScrollView+MJExtension.m in Sources */,
				2F9A32E2208DE903005BFACC /* MJRefreshAutoFooter.m in Sources */,
				3A7B2B1F1FA7211700DE01D1 /* MOBShareSDKHelper.m in Sources */,
				2F9A32DB208DE903005BFACC /* MASViewAttribute.m in Sources */,
				2F9A32F7208DE903005BFACC /* NSData+ImageContentType.m in Sources */,
				2F9A32D4208DE903005BFACC /* UITableView+FDTemplateLayoutCell.m in Sources */,
				2F9A32D5208DE903005BFACC /* UITableView+FDTemplateLayoutCellDebug.m in Sources */,
				2F9A32F8208DE903005BFACC /* NSImage+WebCache.m in Sources */,
				2F9A330C208DE903005BFACC /* SVProgressAnimatedView.m in Sources */,
				3A7B28F21FA71E0F00DE01D1 /* ViewController.m in Sources */,
				2F9A32D7208DE903005BFACC /* MASCompositeConstraint.m in Sources */,
				2F9A3316208DE903005BFACC /* YYSpriteSheetImage.m in Sources */,
				2F9A32FA208DE903005BFACC /* SDImageCacheConfig.m in Sources */,
				2F9A32E4208DE903005BFACC /* MJRefreshComponent.m in Sources */,
				2F9A32F4208DE903005BFACC /* UIScrollView+MJRefresh.m in Sources */,
				2F9A330B208DE903005BFACC /* SVIndefiniteAnimatedView.m in Sources */,
				2F9A32E1208DE903005BFACC /* MBProgressHUD.m in Sources */,
				2F9A32EA208DE903005BFACC /* MJRefreshBackGifFooter.m in Sources */,
				2F9A3306208DE903005BFACC /* UIImageView+WebCache.m in Sources */,
				2F9A3315208DE903005BFACC /* YYImageCoder.m in Sources */,
				2F9A32D9208DE903005BFACC /* MASConstraintMaker.m in Sources */,
				2F9A32DF208DE903005BFACC /* View+MASAdditions.m in Sources */,
				2F9A32FE208DE903005BFACC /* SDWebImageDownloaderOperation.m in Sources */,
				2F9A32DA208DE903005BFACC /* MASLayoutConstraint.m in Sources */,
				2F9A32E0208DE903005BFACC /* ViewController+MASAdditions.m in Sources */,
				2F9A32EF208DE903005BFACC /* MJRefreshStateHeader.m in Sources */,
				2F9A32EB208DE903005BFACC /* MJRefreshBackNormalFooter.m in Sources */,
				2F9A32FB208DE903005BFACC /* SDWebImageCompat.m in Sources */,
				2F9A3314208DE903005BFACC /* YYImage.m in Sources */,
				2F9A32E8208DE903005BFACC /* MJRefreshAutoNormalFooter.m in Sources */,
				2F9A3312208DE903005BFACC /* YYAnimatedImageView.m in Sources */,
				2F9A3302208DE903005BFACC /* UIImage+GIF.m in Sources */,
				2F9A3307208DE903005BFACC /* UIView+WebCache.m in Sources */,
				2F9A3305208DE903005BFACC /* UIImageView+HighlightedWebCache.m in Sources */,
				2F9A32D8208DE903005BFACC /* MASConstraint.m in Sources */,
				2F9A3303208DE903005BFACC /* UIImage+MultiFormat.m in Sources */,
				2F9A32F2208DE903005BFACC /* NSBundle+MJRefresh.m in Sources */,
				2F9A32F5208DE903005BFACC /* UIView+MJExtension.m in Sources */,
				2F9A32EE208DE903005BFACC /* MJRefreshNormalHeader.m in Sources */,
				2F9A32FF208DE903005BFACC /* SDWebImageManager.m in Sources */,
				2F9A32FC208DE903005BFACC /* SDWebImageDecoder.m in Sources */,
				2F9A3313208DE903005BFACC /* YYFrameImage.m in Sources */,
				2F9A32E9208DE903005BFACC /* MJRefreshAutoStateFooter.m in Sources */,
				2F9A330E208DE903005BFACC /* SVProgressHUD.m in Sources */,
				2F9A32E3208DE903005BFACC /* MJRefreshBackFooter.m in Sources */,
				2F9A32ED208DE903005BFACC /* MJRefreshGifHeader.m in Sources */,
				3A3536831FA87B64001FD200 /* MyBBSViewController.m in Sources */,
				2F9A32F1208DE903005BFACC /* MJRefreshConst.m in Sources */,
				2F9A32FD208DE903005BFACC /* SDWebImageDownloader.m in Sources */,
				2F9A32E7208DE903005BFACC /* MJRefreshAutoGifFooter.m in Sources */,
				2F9A32E5208DE903005BFACC /* MJRefreshFooter.m in Sources */,
				2F9A32D2208DE903005BFACC /* UITableView+FDIndexPathHeightCache.m in Sources */,
				2F9A32EC208DE903005BFACC /* MJRefreshBackStateFooter.m in Sources */,
				2F9A3300208DE903005BFACC /* SDWebImagePrefetcher.m in Sources */,
				2F9A32F6208DE903005BFACC /* MKAnnotationView+WebCache.m in Sources */,
				2F9A32DD208DE903005BFACC /* NSArray+MASAdditions.m in Sources */,
				2F9A32E6208DE903005BFACC /* MJRefreshHeader.m in Sources */,
				2F9A32DE208DE903005BFACC /* NSLayoutConstraint+MASDebugAdditions.m in Sources */,
				3A7B28EF1FA71E0F00DE01D1 /* AppDelegate.m in Sources */,
				2F9A32F9208DE903005BFACC /* SDImageCache.m in Sources */,
				2F9A32D3208DE903005BFACC /* UITableView+FDKeyedHeightCache.m in Sources */,
				2F9A330F208DE903005BFACC /* SVRadialGradientLayer.m in Sources */,
				2F9A3308208DE903005BFACC /* UIView+WebCacheOperation.m in Sources */,
				3A7B28EC1FA71E0F00DE01D1 /* main.m in Sources */,
			);
			runOnlyForDeploymentPostprocessing = 0;
		};
/* End PBXSourcesBuildPhase section */

/* Begin PBXVariantGroup section */
		3A7B28F81FA71E0F00DE01D1 /* LaunchScreen.storyboard */ = {
			isa = PBXVariantGroup;
			children = (
				3A7B28F91FA71E0F00DE01D1 /* Base */,
			);
			name = LaunchScreen.storyboard;
			sourceTree = "<group>";
		};
/* End PBXVariantGroup section */

/* Begin XCBuildConfiguration section */
		3A7B28FC1FA71E0F00DE01D1 /* Debug */ = {
			isa = XCBuildConfiguration;
			buildSettings = {
				ALWAYS_SEARCH_USER_PATHS = NO;
				CLANG_CXX_LANGUAGE_STANDARD = "gnu++0x";
				CLANG_CXX_LIBRARY = "libc++";
				CLANG_ENABLE_MODULES = YES;
				CLANG_ENABLE_OBJC_ARC = YES;
				CLANG_WARN_BOOL_CONVERSION = YES;
				CLANG_WARN_CONSTANT_CONVERSION = YES;
				CLANG_WARN_DIRECT_OBJC_ISA_USAGE = YES_ERROR;
				CLANG_WARN_EMPTY_BODY = YES;
				CLANG_WARN_ENUM_CONVERSION = YES;
				CLANG_WARN_INT_CONVERSION = YES;
				CLANG_WARN_OBJC_ROOT_CLASS = YES_ERROR;
				CLANG_WARN_UNREACHABLE_CODE = YES;
				CLANG_WARN__DUPLICATE_METHOD_MATCH = YES;
				"CODE_SIGN_IDENTITY[sdk=iphoneos*]" = "iPhone Developer";
				COPY_PHASE_STRIP = NO;
				DEBUG_INFORMATION_FORMAT = dwarf;
				ENABLE_STRICT_OBJC_MSGSEND = YES;
				ENABLE_TESTABILITY = YES;
				GCC_C_LANGUAGE_STANDARD = gnu99;
				GCC_DYNAMIC_NO_PIC = NO;
				GCC_NO_COMMON_BLOCKS = YES;
				GCC_OPTIMIZATION_LEVEL = 0;
				GCC_PREPROCESSOR_DEFINITIONS = (
					"DEBUG=1",
					"$(inherited)",
				);
				GCC_WARN_64_TO_32_BIT_CONVERSION = YES;
				GCC_WARN_ABOUT_RETURN_TYPE = YES_ERROR;
				GCC_WARN_UNDECLARED_SELECTOR = YES;
				GCC_WARN_UNINITIALIZED_AUTOS = YES_AGGRESSIVE;
				GCC_WARN_UNUSED_FUNCTION = YES;
				GCC_WARN_UNUSED_VARIABLE = YES;
				IPHONEOS_DEPLOYMENT_TARGET = 9.2;
				MTL_ENABLE_DEBUG_INFO = YES;
				ONLY_ACTIVE_ARCH = YES;
				SDKROOT = iphoneos;
				TARGETED_DEVICE_FAMILY = "1,2";
			};
			name = Debug;
		};
		3A7B28FD1FA71E0F00DE01D1 /* Release */ = {
			isa = XCBuildConfiguration;
			buildSettings = {
				ALWAYS_SEARCH_USER_PATHS = NO;
				CLANG_CXX_LANGUAGE_STANDARD = "gnu++0x";
				CLANG_CXX_LIBRARY = "libc++";
				CLANG_ENABLE_MODULES = YES;
				CLANG_ENABLE_OBJC_ARC = YES;
				CLANG_WARN_BOOL_CONVERSION = YES;
				CLANG_WARN_CONSTANT_CONVERSION = YES;
				CLANG_WARN_DIRECT_OBJC_ISA_USAGE = YES_ERROR;
				CLANG_WARN_EMPTY_BODY = YES;
				CLANG_WARN_ENUM_CONVERSION = YES;
				CLANG_WARN_INT_CONVERSION = YES;
				CLANG_WARN_OBJC_ROOT_CLASS = YES_ERROR;
				CLANG_WARN_UNREACHABLE_CODE = YES;
				CLANG_WARN__DUPLICATE_METHOD_MATCH = YES;
				"CODE_SIGN_IDENTITY[sdk=iphoneos*]" = "iPhone Developer";
				COPY_PHASE_STRIP = NO;
				DEBUG_INFORMATION_FORMAT = "dwarf-with-dsym";
				ENABLE_NS_ASSERTIONS = NO;
				ENABLE_STRICT_OBJC_MSGSEND = YES;
				GCC_C_LANGUAGE_STANDARD = gnu99;
				GCC_NO_COMMON_BLOCKS = YES;
				GCC_WARN_64_TO_32_BIT_CONVERSION = YES;
				GCC_WARN_ABOUT_RETURN_TYPE = YES_ERROR;
				GCC_WARN_UNDECLARED_SELECTOR = YES;
				GCC_WARN_UNINITIALIZED_AUTOS = YES_AGGRESSIVE;
				GCC_WARN_UNUSED_FUNCTION = YES;
				GCC_WARN_UNUSED_VARIABLE = YES;
				IPHONEOS_DEPLOYMENT_TARGET = 9.2;
				MTL_ENABLE_DEBUG_INFO = NO;
				SDKROOT = iphoneos;
				TARGETED_DEVICE_FAMILY = "1,2";
				VALIDATE_PRODUCT = YES;
			};
			name = Release;
		};
		3A7B28FF1FA71E0F00DE01D1 /* Debug */ = {
			isa = XCBuildConfiguration;
			buildSettings = {
				ASSETCATALOG_COMPILER_APPICON_NAME = AppIcon;
				CODE_SIGN_ENTITLEMENTS = BBSSDKDemo/BBSSDKDemo.entitlements;
				CODE_SIGN_IDENTITY = "iPhone Distribution: Guangzhou ZhangTao Network Technology Co., Ltd.";
				"CODE_SIGN_IDENTITY[sdk=iphoneos*]" = "iPhone Developer";
				CODE_SIGN_STYLE = Manual;
				DEVELOPMENT_TEAM = LW5266U92D;
				ENABLE_BITCODE = NO;
				FRAMEWORK_SEARCH_PATHS = (
					"\"$(SRCROOT)/../../SDK/BBSSDK\"",
					"\"$(SRCROOT)/../../SDK/BBSSDK/BBSSDKUI\"",
					"\"$(SRCROOT)/../../SDK/Required\"",
					"\"$(SRCROOT)/../../SDK/MobLink\"",
					"\"$(SRCROOT)/../../SDK/ShareSDK\"/**",
					"\"$(SRCROOT)/../../SDK/BBSSDK/Common/3rdPart/AMap\"",
				);
				HEADER_SEARCH_PATHS = "\"$(SRCROOT)/../../SDK/ShareSDK\"/**";
				INFOPLIST_FILE = BBSSDKDemo/Info.plist;
				IPHONEOS_DEPLOYMENT_TARGET = 8.0;
				LD_RUNPATH_SEARCH_PATHS = "$(inherited) @executable_path/Frameworks";
				LIBRARY_SEARCH_PATHS = (
					"\"$(SRCROOT)/../../SDK/ShareSDK\"/**",
					"\"$(SRCROOT)/../../SDK/ShareSDK/Support/PlatformSDK/SinaWeiboSDK\"",
					"\"$(SRCROOT)/../..//SDK/ShareSDK/Support/PlatformSDK/WeChatSDK\"",
				);
				OTHER_LDFLAGS = "-ObjC";
				PRODUCT_BUNDLE_IDENTIFIER = com.mob.bbssdk.sample;
				PRODUCT_NAME = "$(TARGET_NAME)";
				PROVISIONING_PROFILE = "2cddc84c-08a8-4766-a3d4-54dea4142fb7";
				PROVISIONING_PROFILE_SPECIFIER = BBSSDKSampleDevelopment;
			};
			name = Debug;
		};
		3A7B29001FA71E0F00DE01D1 /* Release */ = {
			isa = XCBuildConfiguration;
			buildSettings = {
				ASSETCATALOG_COMPILER_APPICON_NAME = AppIcon;
				CODE_SIGN_ENTITLEMENTS = BBSSDKDemo/BBSSDKDemo.entitlements;
				CODE_SIGN_IDENTITY = "iPhone Distribution: Guangzhou ZhangTao Network Technology Co., Ltd.";
				"CODE_SIGN_IDENTITY[sdk=iphoneos*]" = "iPhone Developer";
				CODE_SIGN_STYLE = Manual;
				DEVELOPMENT_TEAM = LW5266U92D;
				ENABLE_BITCODE = NO;
				FRAMEWORK_SEARCH_PATHS = (
					"\"$(SRCROOT)/../../SDK/BBSSDK\"",
					"\"$(SRCROOT)/../../SDK/BBSSDK/BBSSDKUI\"",
					"\"$(SRCROOT)/../../SDK/Required\"",
					"\"$(SRCROOT)/../../SDK/MobLink\"",
					"\"$(SRCROOT)/../../SDK/ShareSDK\"/**",
					"\"$(SRCROOT)/../../SDK/BBSSDK/Common/3rdPart/AMap\"",
				);
				HEADER_SEARCH_PATHS = "\"$(SRCROOT)/../../SDK/ShareSDK\"/**";
				INFOPLIST_FILE = BBSSDKDemo/Info.plist;
				IPHONEOS_DEPLOYMENT_TARGET = 8.0;
				LD_RUNPATH_SEARCH_PATHS = "$(inherited) @executable_path/Frameworks";
				LIBRARY_SEARCH_PATHS = (
					"\"$(SRCROOT)/../../SDK/ShareSDK\"/**",
					"\"$(SRCROOT)/../../SDK/ShareSDK/Support/PlatformSDK/SinaWeiboSDK\"",
					"\"$(SRCROOT)/../..//SDK/ShareSDK/Support/PlatformSDK/WeChatSDK\"",
				);
				OTHER_LDFLAGS = "-ObjC";
				PRODUCT_BUNDLE_IDENTIFIER = com.mob.bbssdk.sample;
				PRODUCT_NAME = "$(TARGET_NAME)";
				PROVISIONING_PROFILE = "2cddc84c-08a8-4766-a3d4-54dea4142fb7";
				PROVISIONING_PROFILE_SPECIFIER = BBSSDKSampleDevelopment;
			};
			name = Release;
		};
/* End XCBuildConfiguration section */

/* Begin XCConfigurationList section */
		3A7B28E21FA71E0F00DE01D1 /* Build configuration list for PBXProject "BBSSDKDemo" */ = {
			isa = XCConfigurationList;
			buildConfigurations = (
				3A7B28FC1FA71E0F00DE01D1 /* Debug */,
				3A7B28FD1FA71E0F00DE01D1 /* Release */,
			);
			defaultConfigurationIsVisible = 0;
			defaultConfigurationName = Release;
		};
		3A7B28FE1FA71E0F00DE01D1 /* Build configuration list for PBXNativeTarget "BBSSDKDemo" */ = {
			isa = XCConfigurationList;
			buildConfigurations = (
				3A7B28FF1FA71E0F00DE01D1 /* Debug */,
				3A7B29001FA71E0F00DE01D1 /* Release */,
			);
			defaultConfigurationIsVisible = 0;
			defaultConfigurationName = Release;
		};
/* End XCConfigurationList section */
	};
	rootObject = 3A7B28DF1FA71E0F00DE01D1 /* Project object */;
}
